// !$*UTF8*$!
{
	archiveVersion = 1;
	classes = {
	};
	objectVersion = 46;
	objects = {

/* Begin PBXBuildFile section */
		4B5BA3DD1BD01801006F990F /* main.m in Sources */ = {isa = PBXBuildFile; fileRef = 4B5BA3DC1BD01801006F990F /* main.m */; };
		4B5BA3E01BD01801006F990F /* AppDelegate.m in Sources */ = {isa = PBXBuildFile; fileRef = 4B5BA3DF1BD01801006F990F /* AppDelegate.m */; };
		4B5BA3E31BD01801006F990F /* ViewController.m in Sources */ = {isa = PBXBuildFile; fileRef = 4B5BA3E21BD01801006F990F /* ViewController.m */; };
		4B5BA3E61BD01801006F990F /* Main.storyboard in Resources */ = {isa = PBXBuildFile; fileRef = 4B5BA3E41BD01801006F990F /* Main.storyboard */; };
		4B5BA3E81BD01801006F990F /* Assets.xcassets in Resources */ = {isa = PBXBuildFile; fileRef = 4B5BA3E71BD01801006F990F /* Assets.xcassets */; };
		4B5BA3EB1BD01801006F990F /* LaunchScreen.storyboard in Resources */ = {isa = PBXBuildFile; fileRef = 4B5BA3E91BD01801006F990F /* LaunchScreen.storyboard */; };
		4B5BA3F61BD01801006F990F /* PushingSeguesTests.m in Sources */ = {isa = PBXBuildFile; fileRef = 4B5BA3F51BD01801006F990F /* PushingSeguesTests.m */; };
		4B5BA4011BD01801006F990F /* PushingSeguesUITests.m in Sources */ = {isa = PBXBuildFile; fileRef = 4B5BA4001BD01801006F990F /* PushingSeguesUITests.m */; };
		4B5BA4101BD01D91006F990F /* SecondVC.m in Sources */ = {isa = PBXBuildFile; fileRef = 4B5BA40F1BD01D91006F990F /* SecondVC.m */; settings = {ASSET_TAGS = (); }; };
		4B5BA4131BD025D1006F990F /* ThirdVC.m in Sources */ = {isa = PBXBuildFile; fileRef = 4B5BA4121BD025D1006F990F /* ThirdVC.m */; settings = {ASSET_TAGS = (); }; };
		4B5BA4161BD029B9006F990F /* FourthVC.m in Sources */ = {isa = PBXBuildFile; fileRef = 4B5BA4151BD029B9006F990F /* FourthVC.m */; settings = {ASSET_TAGS = (); }; };
		4B5BA4191BD02B07006F990F /* FifthVC.m in Sources */ = {isa = PBXBuildFile; fileRef = 4B5BA4181BD02B07006F990F /* FifthVC.m */; settings = {ASSET_TAGS = (); }; };
/* End PBXBuildFile section */

/* Begin PBXContainerItemProxy section */
		4B5BA3F21BD01801006F990F /* PBXContainerItemProxy */ = {
			isa = PBXContainerItemProxy;
			containerPortal = 4B5BA3D01BD01800006F990F /* Project object */;
			proxyType = 1;
			remoteGlobalIDString = 4B5BA3D71BD01801006F990F;
			remoteInfo = PushingSegues;
		};
		4B5BA3FD1BD01801006F990F /* PBXContainerItemProxy */ = {
			isa = PBXContainerItemProxy;
			containerPortal = 4B5BA3D01BD01800006F990F /* Project object */;
			proxyType = 1;
			remoteGlobalIDString = 4B5BA3D71BD01801006F990F;
			remoteInfo = PushingSegues;
		};
/* End PBXContainerItemProxy section */

/* Begin PBXFileReference section */
		4B5BA3D81BD01801006F990F /* PushingSegues.app */ = {isa = PBXFileReference; explicitFileType = wrapper.application; includeInIndex = 0; path = PushingSegues.app; sourceTree = BUILT_PRODUCTS_DIR; };
		4B5BA3DC1BD01801006F990F /* main.m */ = {isa = PBXFileReference; lastKnownFileType = sourcecode.c.objc; path = main.m; sourceTree = "<group>"; };
		4B5BA3DE1BD01801006F990F /* AppDelegate.h */ = {isa = PBXFileReference; lastKnownFileType = sourcecode.c.h; path = AppDelegate.h; sourceTree = "<group>"; };
		4B5BA3DF1BD01801006F990F /* AppDelegate.m */ = {isa = PBXFileReference; lastKnownFileType = sourcecode.c.objc; path = AppDelegate.m; sourceTree = "<group>"; };
		4B5BA3E11BD01801006F990F /* ViewController.h */ = {isa = PBXFileReference; lastKnownFileType = sourcecode.c.h; path = ViewController.h; sourceTree = "<group>"; };
		4B5BA3E21BD01801006F990F /* ViewController.m */ = {isa = PBXFileReference; lastKnownFileType = sourcecode.c.objc; path = ViewController.m; sourceTree = "<group>"; };
		4B5BA3E51BD01801006F990F /* Base */ = {isa = PBXFileReference; lastKnownFileType = file.storyboard; name = Base; path = Base.lproj/Main.storyboard; sourceTree = "<group>"; };
		4B5BA3E71BD01801006F990F /* Assets.xcassets */ = {isa = PBXFileReference; lastKnownFileType = folder.assetcatalog; path = Assets.xcassets; sourceTree = "<group>"; };
		4B5BA3EA1BD01801006F990F /* Base */ = {isa = PBXFileReference; lastKnownFileType = file.storyboard; name = Base; path = Base.lproj/LaunchScreen.storyboard; sourceTree = "<group>"; };
		4B5BA3EC1BD01801006F990F /* Info.plist */ = {isa = PBXFileReference; lastKnownFileType = text.plist.xml; path = Info.plist; sourceTree = "<group>"; };
		4B5BA3F11BD01801006F990F /* PushingSeguesTests.xctest */ = {isa = PBXFileReference; explicitFileType = wrapper.cfbundle; includeInIndex = 0; path = PushingSeguesTests.xctest; sourceTree = BUILT_PRODUCTS_DIR; };
		4B5BA3F51BD01801006F990F /* PushingSeguesTests.m */ = {isa = PBXFileReference; lastKnownFileType = sourcecode.c.objc; path = PushingSeguesTests.m; sourceTree = "<group>"; };
		4B5BA3F71BD01801006F990F /* Info.plist */ = {isa = PBXFileReference; lastKnownFileType = text.plist.xml; path = Info.plist; sourceTree = "<group>"; };
		4B5BA3FC1BD01801006F990F /* PushingSeguesUITests.xctest */ = {isa = PBXFileReference; explicitFileType = wrapper.cfbundle; includeInIndex = 0; path = PushingSeguesUITests.xctest; sourceTree = BUILT_PRODUCTS_DIR; };
		4B5BA4001BD01801006F990F /* PushingSeguesUITests.m */ = {isa = PBXFileReference; lastKnownFileType = sourcecode.c.objc; path = PushingSeguesUITests.m; sourceTree = "<group>"; };
		4B5BA4021BD01801006F990F /* Info.plist */ = {isa = PBXFileReference; lastKnownFileType = text.plist.xml; path = Info.plist; sourceTree = "<group>"; };
		4B5BA40E1BD01D91006F990F /* SecondVC.h */ = {isa = PBXFileReference; fileEncoding = 4; lastKnownFileType = sourcecode.c.h; path = SecondVC.h; sourceTree = "<group>"; };
		4B5BA40F1BD01D91006F990F /* SecondVC.m */ = {isa = PBXFileReference; fileEncoding = 4; lastKnownFileType = sourcecode.c.objc; path = SecondVC.m; sourceTree = "<group>"; };
		4B5BA4111BD025D1006F990F /* ThirdVC.h */ = {isa = PBXFileReference; fileEncoding = 4; lastKnownFileType = sourcecode.c.h; path = ThirdVC.h; sourceTree = "<group>"; };
		4B5BA4121BD025D1006F990F /* ThirdVC.m */ = {isa = PBXFileReference; fileEncoding = 4; lastKnownFileType = sourcecode.c.objc; path = ThirdVC.m; sourceTree = "<group>"; };
		4B5BA4141BD029B9006F990F /* FourthVC.h */ = {isa = PBXFileReference; fileEncoding = 4; lastKnownFileType = sourcecode.c.h; path = FourthVC.h; sourceTree = "<group>"; };
		4B5BA4151BD029B9006F990F /* FourthVC.m */ = {isa = PBXFileReference; fileEncoding = 4; lastKnownFileType = sourcecode.c.objc; path = FourthVC.m; sourceTree = "<group>"; };
		4B5BA4171BD02B07006F990F /* FifthVC.h */ = {isa = PBXFileReference; fileEncoding = 4; lastKnownFileType = sourcecode.c.h; path = FifthVC.h; sourceTree = "<group>"; };
		4B5BA4181BD02B07006F990F /* FifthVC.m */ = {isa = PBXFileReference; fileEncoding = 4; lastKnownFileType = sourcecode.c.objc; path = FifthVC.m; sourceTree = "<group>"; };
/* End PBXFileReference section */

/* Begin PBXFrameworksBuildPhase section */
		4B5BA3D51BD01801006F990F /* Frameworks */ = {
			isa = PBXFrameworksBuildPhase;
			buildActionMask = 2147483647;
			files = (
			);
			runOnlyForDeploymentPostprocessing = 0;
		};
		4B5BA3EE1BD01801006F990F /* Frameworks */ = {
			isa = PBXFrameworksBuildPhase;
			buildActionMask = 2147483647;
			files = (
			);
			runOnlyForDeploymentPostprocessing = 0;
		};
		4B5BA3F91BD01801006F990F /* Frameworks */ = {
			isa = PBXFrameworksBuildPhase;
			buildActionMask = 2147483647;
			files = (
			);
			runOnlyForDeploymentPostprocessing = 0;
		};
/* End PBXFrameworksBuildPhase section */

/* Begin PBXGroup section */
		4B5BA3CF1BD01800006F990F = {
			isa = PBXGroup;
			children = (
				4B5BA3DA1BD01801006F990F /* PushingSegues */,
				4B5BA3F41BD01801006F990F /* PushingSeguesTests */,
				4B5BA3FF1BD01801006F990F /* PushingSeguesUITests */,
				4B5BA3D91BD01801006F990F /* Products */,
			);
			sourceTree = "<group>";
		};
		4B5BA3D91BD01801006F990F /* Products */ = {
			isa = PBXGroup;
			children = (
				4B5BA3D81BD01801006F990F /* PushingSegues.app */,
				4B5BA3F11BD01801006F990F /* PushingSeguesTests.xctest */,
				4B5BA3FC1BD01801006F990F /* PushingSeguesUITests.xctest */,
			);
			name = Products;
			sourceTree = "<group>";
		};
		4B5BA3DA1BD01801006F990F /* PushingSegues */ = {
			isa = PBXGroup;
			children = (
				4B5BA3DE1BD01801006F990F /* AppDelegate.h */,
				4B5BA3DF1BD01801006F990F /* AppDelegate.m */,
				4B5BA3E11BD01801006F990F /* ViewController.h */,
				4B5BA3E21BD01801006F990F /* ViewController.m */,
				4B5BA3E41BD01801006F990F /* Main.storyboard */,
				4B5BA40E1BD01D91006F990F /* SecondVC.h */,
				4B5BA40F1BD01D91006F990F /* SecondVC.m */,
				4B5BA4111BD025D1006F990F /* ThirdVC.h */,
				4B5BA4121BD025D1006F990F /* ThirdVC.m */,
				4B5BA4141BD029B9006F990F /* FourthVC.h */,
				4B5BA4151BD029B9006F990F /* FourthVC.m */,
				4B5BA4171BD02B07006F990F /* FifthVC.h */,
				4B5BA4181BD02B07006F990F /* FifthVC.m */,
				4B5BA3E71BD01801006F990F /* Assets.xcassets */,
				4B5BA3E91BD01801006F990F /* LaunchScreen.storyboard */,
				4B5BA3EC1BD01801006F990F /* Info.plist */,
				4B5BA3DB1BD01801006F990F /* Supporting Files */,
			);
			path = PushingSegues;
			sourceTree = "<group>";
		};
		4B5BA3DB1BD01801006F990F /* Supporting Files */ = {
			isa = PBXGroup;
			children = (
				4B5BA3DC1BD01801006F990F /* main.m */,
			);
			name = "Supporting Files";
			sourceTree = "<group>";
		};
		4B5BA3F41BD01801006F990F /* PushingSeguesTests */ = {
			isa = PBXGroup;
			children = (
				4B5BA3F51BD01801006F990F /* PushingSeguesTests.m */,
				4B5BA3F71BD01801006F990F /* Info.plist */,
			);
			path = PushingSeguesTests;
			sourceTree = "<group>";
		};
		4B5BA3FF1BD01801006F990F /* PushingSeguesUITests */ = {
			isa = PBXGroup;
			children = (
				4B5BA4001BD01801006F990F /* PushingSeguesUITests.m */,
				4B5BA4021BD01801006F990F /* Info.plist */,
			);
			path = PushingSeguesUITests;
			sourceTree = "<group>";
		};
/* End PBXGroup section */

/* Begin PBXNativeTarget section */
		4B5BA3D71BD01801006F990F /* PushingSegues */ = {
			isa = PBXNativeTarget;
			buildConfigurationList = 4B5BA4051BD01801006F990F /* Build configuration list for PBXNativeTarget "PushingSegues" */;
			buildPhases = (
				4B5BA3D41BD01801006F990F /* Sources */,
				4B5BA3D51BD01801006F990F /* Frameworks */,
				4B5BA3D61BD01801006F990F /* Resources */,
			);
			buildRules = (
			);
			dependencies = (
			);
			name = PushingSegues;
			productName = PushingSegues;
			productReference = 4B5BA3D81BD01801006F990F /* PushingSegues.app */;
			productType = "com.apple.product-type.application";
		};
		4B5BA3F01BD01801006F990F /* PushingSeguesTests */ = {
			isa = PBXNativeTarget;
			buildConfigurationList = 4B5BA4081BD01801006F990F /* Build configuration list for PBXNativeTarget "PushingSeguesTests" */;
			buildPhases = (
				4B5BA3ED1BD01801006F990F /* Sources */,
				4B5BA3EE1BD01801006F990F /* Frameworks */,
				4B5BA3EF1BD01801006F990F /* Resources */,
			);
			buildRules = (
			);
			dependencies = (
				4B5BA3F31BD01801006F990F /* PBXTargetDependency */,
			);
			name = PushingSeguesTests;
			productName = PushingSeguesTests;
			productReference = 4B5BA3F11BD01801006F990F /* PushingSeguesTests.xctest */;
			productType = "com.apple.product-type.bundle.unit-test";
		};
		4B5BA3FB1BD01801006F990F /* PushingSeguesUITests */ = {
			isa = PBXNativeTarget;
			buildConfigurationList = 4B5BA40B1BD01801006F990F /* Build configuration list for PBXNativeTarget "PushingSeguesUITests" */;
			buildPhases = (
				4B5BA3F81BD01801006F990F /* Sources */,
				4B5BA3F91BD01801006F990F /* Frameworks */,
				4B5BA3FA1BD01801006F990F /* Resources */,
			);
			buildRules = (
			);
			dependencies = (
				4B5BA3FE1BD01801006F990F /* PBXTargetDependency */,
			);
			name = PushingSeguesUITests;
			productName = PushingSeguesUITests;
			productReference = 4B5BA3FC1BD01801006F990F /* PushingSeguesUITests.xctest */;
			productType = "com.apple.product-type.bundle.ui-testing";
		};
/* End PBXNativeTarget section */

/* Begin PBXProject section */
		4B5BA3D01BD01800006F990F /* Project object */ = {
			isa = PBXProject;
			attributes = {
				LastUpgradeCheck = 0700;
				ORGANIZATIONNAME = Class;
				TargetAttributes = {
					4B5BA3D71BD01801006F990F = {
						CreatedOnToolsVersion = 7.0;
					};
					4B5BA3F01BD01801006F990F = {
						CreatedOnToolsVersion = 7.0;
						TestTargetID = 4B5BA3D71BD01801006F990F;
					};
					4B5BA3FB1BD01801006F990F = {
						CreatedOnToolsVersion = 7.0;
						TestTargetID = 4B5BA3D71BD01801006F990F;
					};
				};
			};
			buildConfigurationList = 4B5BA3D31BD01800006F990F /* Build configuration list for PBXProject "PushingSegues" */;
			compatibilityVersion = "Xcode 3.2";
			developmentRegion = English;
			hasScannedForEncodings = 0;
			knownRegions = (
				en,
				Base,
			);
			mainGroup = 4B5BA3CF1BD01800006F990F;
			productRefGroup = 4B5BA3D91BD01801006F990F /* Products */;
			projectDirPath = "";
			projectRoot = "";
			targets = (
				4B5BA3D71BD01801006F990F /* PushingSegues */,
				4B5BA3F01BD01801006F990F /* PushingSeguesTests */,
				4B5BA3FB1BD01801006F990F /* PushingSeguesUITests */,
			);
		};
/* End PBXProject section */

/* Begin PBXResourcesBuildPhase section */
		4B5BA3D61BD01801006F990F /* Resources */ = {
			isa = PBXResourcesBuildPhase;
			buildActionMask = 2147483647;
			files = (
				4B5BA3EB1BD01801006F990F /* LaunchScreen.storyboard in Resources */,
				4B5BA3E81BD01801006F990F /* Assets.xcassets in Resources */,
				4B5BA3E61BD01801006F990F /* Main.storyboard in Resources */,
			);
			runOnlyForDeploymentPostprocessing = 0;
		};
		4B5BA3EF1BD01801006F990F /* Resources */ = {
			isa = PBXResourcesBuildPhase;
			buildActionMask = 2147483647;
			files = (
			);
			runOnlyForDeploymentPostprocessing = 0;
		};
		4B5BA3FA1BD01801006F990F /* Resources */ = {
			isa = PBXResourcesBuildPhase;
			buildActionMask = 2147483647;
			files = (
			);
			runOnlyForDeploymentPostprocessing = 0;
		};
/* End PBXResourcesBuildPhase section */

/* Begin PBXSourcesBuildPhase section */
		4B5BA3D41BD01801006F990F /* Sources */ = {
			isa = PBXSourcesBuildPhase;
			buildActionMask = 2147483647;
			files = (
				4B5BA4161BD029B9006F990F /* FourthVC.m in Sources */,
				4B5BA3E31BD01801006F990F /* ViewController.m in Sources */,
				4B5BA3E01BD01801006F990F /* AppDelegate.m in Sources */,
				4B5BA4131BD025D1006F990F /* ThirdVC.m in Sources */,
				4B5BA4101BD01D91006F990F /* SecondVC.m in Sources */,
				4B5BA3DD1BD01801006F990F /* main.m in Sources */,
				4B5BA4191BD02B07006F990F /* FifthVC.m in Sources */,
			);
			runOnlyForDeploymentPostprocessing = 0;
		};
		4B5BA3ED1BD01801006F990F /* Sources */ = {
			isa = PBXSourcesBuildPhase;
			buildActionMask = 2147483647;
			files = (
				4B5BA3F61BD01801006F990F /* PushingSeguesTests.m in Sources */,
			);
			runOnlyForDeploymentPostprocessing = 0;
		};
		4B5BA3F81BD01801006F990F /* Sources */ = {
			isa = PBXSourcesBuildPhase;
			buildActionMask = 2147483647;
			files = (
				4B5BA4011BD01801006F990F /* PushingSeguesUITests.m in Sources */,
			);
			runOnlyForDeploymentPostprocessing = 0;
		};
/* End PBXSourcesBuildPhase section */

/* Begin PBXTargetDependency section */
		4B5BA3F31BD01801006F990F /* PBXTargetDependency */ = {
			isa = PBXTargetDependency;
			target = 4B5BA3D71BD01801006F990F /* PushingSegues */;
			targetProxy = 4B5BA3F21BD01801006F990F /* PBXContainerItemProxy */;
		};
		4B5BA3FE1BD01801006F990F /* PBXTargetDependency */ = {
			isa = PBXTargetDependency;
			target = 4B5BA3D71BD01801006F990F /* PushingSegues */;
			targetProxy = 4B5BA3FD1BD01801006F990F /* PBXContainerItemProxy */;
		};
/* End PBXTargetDependency section */

/* Begin PBXVariantGroup section */
		4B5BA3E41BD01801006F990F /* Main.storyboard */ = {
			isa = PBXVariantGroup;
			children = (
				4B5BA3E51BD01801006F990F /* Base */,
			);
			name = Main.storyboard;
			sourceTree = "<group>";
		};
		4B5BA3E91BD01801006F990F /* LaunchScreen.storyboard */ = {
			isa = PBXVariantGroup;
			children = (
				4B5BA3EA1BD01801006F990F /* Base */,
			);
			name = LaunchScreen.storyboard;
			sourceTree = "<group>";
		};
/* End PBXVariantGroup section */

/* Begin XCBuildConfiguration section */
		4B5BA4031BD01801006F990F /* Debug */ = {
			isa = XCBuildConfiguration;
			buildSettings = {
				ALWAYS_SEARCH_USER_PATHS = NO;
				CLANG_CXX_LANGUAGE_STANDARD = "gnu++0x";
				CLANG_CXX_LIBRARY = "libc++";
				CLANG_ENABLE_MODULES = YES;
				CLANG_ENABLE_OBJC_ARC = YES;
				CLANG_WARN_BOOL_CONVERSION = YES;
				CLANG_WARN_CONSTANT_CONVERSION = YES;
				CLANG_WARN_DIRECT_OBJC_ISA_USAGE = YES_ERROR;
				CLANG_WARN_EMPTY_BODY = YES;
				CLANG_WARN_ENUM_CONVERSION = YES;
				CLANG_WARN_INT_CONVERSION = YES;
				CLANG_WARN_OBJC_ROOT_CLASS = YES_ERROR;
				CLANG_WARN_UNREACHABLE_CODE = YES;
				CLANG_WARN__DUPLICATE_METHOD_MATCH = YES;
				"CODE_SIGN_IDENTITY[sdk=iphoneos*]" = "iPhone Developer";
				COPY_PHASE_STRIP = NO;
				DEBUG_INFORMATION_FORMAT = dwarf;
				ENABLE_STRICT_OBJC_MSGSEND = YES;
				ENABLE_TESTABILITY = YES;
				GCC_C_LANGUAGE_STANDARD = gnu99;
				GCC_DYNAMIC_NO_PIC = NO;
				GCC_NO_COMMON_BLOCKS = YES;
				GCC_OPTIMIZATION_LEVEL = 0;
				GCC_PREPROCESSOR_DEFINITIONS = (
					"DEBUG=1",
					"$(inherited)",
				);
				GCC_WARN_64_TO_32_BIT_CONVERSION = YES;
				GCC_WARN_ABOUT_RETURN_TYPE = YES_ERROR;
				GCC_WARN_UNDECLARED_SELECTOR = YES;
				GCC_WARN_UNINITIALIZED_AUTOS = YES_AGGRESSIVE;
				GCC_WARN_UNUSED_FUNCTION = YES;
				GCC_WARN_UNUSED_VARIABLE = YES;
				IPHONEOS_DEPLOYMENT_TARGET = 9.0;
				MTL_ENABLE_DEBUG_INFO = YES;
				ONLY_ACTIVE_ARCH = YES;
				SDKROOT = iphoneos;
			};
			name = Debug;
		};
		4B5BA4041BD01801006F990F /* Release */ = {
			isa = XCBuildConfiguration;
			buildSettings = {
				ALWAYS_SEARCH_USER_PATHS = NO;
				CLANG_CXX_LANGUAGE_STANDARD = "gnu++0x";
				CLANG_CXX_LIBRARY = "libc++";
				CLANG_ENABLE_MODULES = YES;
				CLANG_ENABLE_OBJC_ARC = YES;
				CLANG_WARN_BOOL_CONVERSION = YES;
				CLANG_WARN_CONSTANT_CONVERSION = YES;
				CLANG_WARN_DIRECT_OBJC_ISA_USAGE = YES_ERROR;
				CLANG_WARN_EMPTY_BODY = YES;
				CLANG_WARN_ENUM_CONVERSION = YES;
				CLANG_WARN_INT_CONVERSION = YES;
				CLANG_WARN_OBJC_ROOT_CLASS = YES_ERROR;
				CLANG_WARN_UNREACHABLE_CODE = YES;
				CLANG_WARN__DUPLICATE_METHOD_MATCH = YES;
				"CODE_SIGN_IDENTITY[sdk=iphoneos*]" = "iPhone Developer";
				COPY_PHASE_STRIP = NO;
				DEBUG_INFORMATION_FORMAT = "dwarf-with-dsym";
				ENABLE_NS_ASSERTIONS = NO;
				ENABLE_STRICT_OBJC_MSGSEND = YES;
				GCC_C_LANGUAGE_STANDARD = gnu99;
				GCC_NO_COMMON_BLOCKS = YES;
				GCC_WARN_64_TO_32_BIT_CONVERSION = YES;
				GCC_WARN_ABOUT_RETURN_TYPE = YES_ERROR;
				GCC_WARN_UNDECLARED_SELECTOR = YES;
				GCC_WARN_UNINITIALIZED_AUTOS = YES_AGGRESSIVE;
				GCC_WARN_UNUSED_FUNCTION = YES;
				GCC_WARN_UNUSED_VARIABLE = YES;
				IPHONEOS_DEPLOYMENT_TARGET = 9.0;
				MTL_ENABLE_DEBUG_INFO = NO;
				SDKROOT = iphoneos;
				VALIDATE_PRODUCT = YES;
			};
			name = Release;
		};
		4B5BA4061BD01801006F990F /* Debug */ = {
			isa = XCBuildConfiguration;
			buildSettings = {
				ASSETCATALOG_COMPILER_APPICON_NAME = AppIcon;
				INFOPLIST_FILE = PushingSegues/Info.plist;
				LD_RUNPATH_SEARCH_PATHS = "$(inherited) @executable_path/Frameworks";
				PRODUCT_BUNDLE_IDENTIFIER = com.mathewson.PushingSegues;
				PRODUCT_NAME = "$(TARGET_NAME)";
			};
			name = Debug;
		};
		4B5BA4071BD01801006F990F /* Release */ = {
			isa = XCBuildConfiguration;
			buildSettings = {
				ASSETCATALOG_COMPILER_APPICON_NAME = AppIcon;
				INFOPLIST_FILE = PushingSegues/Info.plist;
				LD_RUNPATH_SEARCH_PATHS = "$(inherited) @executable_path/Frameworks";
				PRODUCT_BUNDLE_IDENTIFIER = com.mathewson.PushingSegues;
				PRODUCT_NAME = "$(TARGET_NAME)";
			};
			name = Release;
		};
		4B5BA4091BD01801006F990F /* Debug */ = {
			isa = XCBuildConfiguration;
			buildSettings = {
				BUNDLE_LOADER = "$(TEST_HOST)";
				INFOPLIST_FILE = PushingSeguesTests/Info.plist;
				LD_RUNPATH_SEARCH_PATHS = "$(inherited) @executable_path/Frameworks @loader_path/Frameworks";
				PRODUCT_BUNDLE_IDENTIFIER = com.mathewson.PushingSeguesTests;
				PRODUCT_NAME = "$(TARGET_NAME)";
				TEST_HOST = "$(BUILT_PRODUCTS_DIR)/PushingSegues.app/PushingSegues";
			};
			name = Debug;
		};
		4B5BA40A1BD01801006F990F /* Release */ = {
			isa = XCBuildConfiguration;
			buildSettings = {
				BUNDLE_LOADER = "$(TEST_HOST)";
				INFOPLIST_FILE = PushingSeguesTests/Info.plist;
				LD_RUNPATH_SEARCH_PATHS = "$(inherited) @executable_path/Frameworks @loader_path/Frameworks";
				PRODUCT_BUNDLE_IDENTIFIER = com.mathewson.PushingSeguesTests;
				PRODUCT_NAME = "$(TARGET_NAME)";
				TEST_HOST = "$(BUILT_PRODUCTS_DIR)/PushingSegues.app/PushingSegues";
			};
			name = Release;
		};
		4B5BA40C1BD01801006F990F /* Debug */ = {
			isa = XCBuildConfiguration;
			buildSettings = {
				INFOPLIST_FILE = PushingSeguesUITests/Info.plist;
				LD_RUNPATH_SEARCH_PATHS = "$(inherited) @executable_path/Frameworks @loader_path/Frameworks";
				PRODUCT_BUNDLE_IDENTIFIER = com.mathewson.PushingSeguesUITests;
				PRODUCT_NAME = "$(TARGET_NAME)";
				TEST_TARGET_NAME = PushingSegues;
				USES_XCTRUNNER = YES;
			};
			name = Debug;
		};
		4B5BA40D1BD01801006F990F /* Release */ = {
			isa = XCBuildConfiguration;
			buildSettings = {
				INFOPLIST_FILE = PushingSeguesUITests/Info.plist;
				LD_RUNPATH_SEARCH_PATHS = "$(inherited) @executable_path/Frameworks @loader_path/Frameworks";
				PRODUCT_BUNDLE_IDENTIFIER = com.mathewson.PushingSeguesUITests;
				PRODUCT_NAME = "$(TARGET_NAME)";
				TEST_TARGET_NAME = PushingSegues;
				USES_XCTRUNNER = YES;
			};
			name = Release;
		};
/* End XCBuildConfiguration section */

/* Begin XCConfigurationList section */
		4B5BA3D31BD01800006F990F /* Build configuration list for PBXProject "PushingSegues" */ = {
			isa = XCConfigurationList;
			buildConfigurations = (
				4B5BA4031BD01801006F990F /* Debug */,
				4B5BA4041BD01801006F990F /* Release */,
			);
			defaultConfigurationIsVisible = 0;
			defaultConfigurationName = Release;
		};
		4B5BA4051BD01801006F990F /* Build configuration list for PBXNativeTarget "PushingSegues" */ = {
			isa = XCConfigurationList;
			buildConfigurations = (
				4B5BA4061BD01801006F990F /* Debug */,
				4B5BA4071BD01801006F990F /* Release */,
			);
			defaultConfigurationIsVisible = 0;
		};
		4B5BA4081BD01801006F990F /* Build configuration list for PBXNativeTarget "PushingSeguesTests" */ = {
			isa = XCConfigurationList;
			buildConfigurations = (
				4B5BA4091BD01801006F990F /* Debug */,
				4B5BA40A1BD01801006F990F /* Release */,
			);
			defaultConfigurationIsVisible = 0;
		};
		4B5BA40B1BD01801006F990F /* Build configuration list for PBXNativeTarget "PushingSeguesUITests" */ = {
			isa = XCConfigurationList;
			buildConfigurations = (
				4B5BA40C1BD01801006F990F /* Debug */,
				4B5BA40D1BD01801006F990F /* Release */,
			);
			defaultConfigurationIsVisible = 0;
		};
/* End XCConfigurationList section */
	};
	rootObject = 4B5BA3D01BD01800006F990F /* Project object */;
}
