// !$*UTF8*$!
{
	archiveVersion = 1;
	classes = {
	};
	objectVersion = 46;
	objects = {

/* Begin PBXBuildFile section */
		56576B7C1BD7F8D9002ED52C /* main.m in Sources */ = {isa = PBXBuildFile; fileRef = 56576B7B1BD7F8D9002ED52C /* main.m */; };
		56576B7F1BD7F8D9002ED52C /* AppDelegate.m in Sources */ = {isa = PBXBuildFile; fileRef = 56576B7E1BD7F8D9002ED52C /* AppDelegate.m */; };
		56576B821BD7F8D9002ED52C /* ViewController.m in Sources */ = {isa = PBXBuildFile; fileRef = 56576B811BD7F8D9002ED52C /* ViewController.m */; };
		56576B851BD7F8D9002ED52C /* Main.storyboard in Resources */ = {isa = PBXBuildFile; fileRef = 56576B831BD7F8D9002ED52C /* Main.storyboard */; };
		56576B871BD7F8D9002ED52C /* Assets.xcassets in Resources */ = {isa = PBXBuildFile; fileRef = 56576B861BD7F8D9002ED52C /* Assets.xcassets */; };
		56576B8A1BD7F8D9002ED52C /* LaunchScreen.storyboard in Resources */ = {isa = PBXBuildFile; fileRef = 56576B881BD7F8D9002ED52C /* LaunchScreen.storyboard */; };
		56576B951BD7F8D9002ED52C /* autoLayoutTests.m in Sources */ = {isa = PBXBuildFile; fileRef = 56576B941BD7F8D9002ED52C /* autoLayoutTests.m */; };
		56576BA01BD7F8D9002ED52C /* autoLayoutUITests.m in Sources */ = {isa = PBXBuildFile; fileRef = 56576B9F1BD7F8D9002ED52C /* autoLayoutUITests.m */; };
/* End PBXBuildFile section */

/* Begin PBXContainerItemProxy section */
		56576B911BD7F8D9002ED52C /* PBXContainerItemProxy */ = {
			isa = PBXContainerItemProxy;
			containerPortal = 56576B6F1BD7F8D9002ED52C /* Project object */;
			proxyType = 1;
			remoteGlobalIDString = 56576B761BD7F8D9002ED52C;
			remoteInfo = autoLayout;
		};
		56576B9C1BD7F8D9002ED52C /* PBXContainerItemProxy */ = {
			isa = PBXContainerItemProxy;
			containerPortal = 56576B6F1BD7F8D9002ED52C /* Project object */;
			proxyType = 1;
			remoteGlobalIDString = 56576B761BD7F8D9002ED52C;
			remoteInfo = autoLayout;
		};
/* End PBXContainerItemProxy section */

/* Begin PBXFileReference section */
		56576B771BD7F8D9002ED52C /* autoLayout.app */ = {isa = PBXFileReference; explicitFileType = wrapper.application; includeInIndex = 0; path = autoLayout.app; sourceTree = BUILT_PRODUCTS_DIR; };
		56576B7B1BD7F8D9002ED52C /* main.m */ = {isa = PBXFileReference; lastKnownFileType = sourcecode.c.objc; path = main.m; sourceTree = "<group>"; };
		56576B7D1BD7F8D9002ED52C /* AppDelegate.h */ = {isa = PBXFileReference; lastKnownFileType = sourcecode.c.h; path = AppDelegate.h; sourceTree = "<group>"; };
		56576B7E1BD7F8D9002ED52C /* AppDelegate.m */ = {isa = PBXFileReference; lastKnownFileType = sourcecode.c.objc; path = AppDelegate.m; sourceTree = "<group>"; };
		56576B801BD7F8D9002ED52C /* ViewController.h */ = {isa = PBXFileReference; lastKnownFileType = sourcecode.c.h; path = ViewController.h; sourceTree = "<group>"; };
		56576B811BD7F8D9002ED52C /* ViewController.m */ = {isa = PBXFileReference; lastKnownFileType = sourcecode.c.objc; path = ViewController.m; sourceTree = "<group>"; };
		56576B841BD7F8D9002ED52C /* Base */ = {isa = PBXFileReference; lastKnownFileType = file.storyboard; name = Base; path = Base.lproj/Main.storyboard; sourceTree = "<group>"; };
		56576B861BD7F8D9002ED52C /* Assets.xcassets */ = {isa = PBXFileReference; lastKnownFileType = folder.assetcatalog; path = Assets.xcassets; sourceTree = "<group>"; };
		56576B891BD7F8D9002ED52C /* Base */ = {isa = PBXFileReference; lastKnownFileType = file.storyboard; name = Base; path = Base.lproj/LaunchScreen.storyboard; sourceTree = "<group>"; };
		56576B8B1BD7F8D9002ED52C /* Info.plist */ = {isa = PBXFileReference; lastKnownFileType = text.plist.xml; path = Info.plist; sourceTree = "<group>"; };
		56576B901BD7F8D9002ED52C /* autoLayoutTests.xctest */ = {isa = PBXFileReference; explicitFileType = wrapper.cfbundle; includeInIndex = 0; path = autoLayoutTests.xctest; sourceTree = BUILT_PRODUCTS_DIR; };
		56576B941BD7F8D9002ED52C /* autoLayoutTests.m */ = {isa = PBXFileReference; lastKnownFileType = sourcecode.c.objc; path = autoLayoutTests.m; sourceTree = "<group>"; };
		56576B961BD7F8D9002ED52C /* Info.plist */ = {isa = PBXFileReference; lastKnownFileType = text.plist.xml; path = Info.plist; sourceTree = "<group>"; };
		56576B9B1BD7F8D9002ED52C /* autoLayoutUITests.xctest */ = {isa = PBXFileReference; explicitFileType = wrapper.cfbundle; includeInIndex = 0; path = autoLayoutUITests.xctest; sourceTree = BUILT_PRODUCTS_DIR; };
		56576B9F1BD7F8D9002ED52C /* autoLayoutUITests.m */ = {isa = PBXFileReference; lastKnownFileType = sourcecode.c.objc; path = autoLayoutUITests.m; sourceTree = "<group>"; };
		56576BA11BD7F8D9002ED52C /* Info.plist */ = {isa = PBXFileReference; lastKnownFileType = text.plist.xml; path = Info.plist; sourceTree = "<group>"; };
/* End PBXFileReference section */

/* Begin PBXFrameworksBuildPhase section */
		56576B741BD7F8D9002ED52C /* Frameworks */ = {
			isa = PBXFrameworksBuildPhase;
			buildActionMask = 2147483647;
			files = (
			);
			runOnlyForDeploymentPostprocessing = 0;
		};
		56576B8D1BD7F8D9002ED52C /* Frameworks */ = {
			isa = PBXFrameworksBuildPhase;
			buildActionMask = 2147483647;
			files = (
			);
			runOnlyForDeploymentPostprocessing = 0;
		};
		56576B981BD7F8D9002ED52C /* Frameworks */ = {
			isa = PBXFrameworksBuildPhase;
			buildActionMask = 2147483647;
			files = (
			);
			runOnlyForDeploymentPostprocessing = 0;
		};
/* End PBXFrameworksBuildPhase section */

/* Begin PBXGroup section */
		56576B6E1BD7F8D9002ED52C = {
			isa = PBXGroup;
			children = (
				56576B791BD7F8D9002ED52C /* autoLayout */,
				56576B931BD7F8D9002ED52C /* autoLayoutTests */,
				56576B9E1BD7F8D9002ED52C /* autoLayoutUITests */,
				56576B781BD7F8D9002ED52C /* Products */,
			);
			sourceTree = "<group>";
		};
		56576B781BD7F8D9002ED52C /* Products */ = {
			isa = PBXGroup;
			children = (
				56576B771BD7F8D9002ED52C /* autoLayout.app */,
				56576B901BD7F8D9002ED52C /* autoLayoutTests.xctest */,
				56576B9B1BD7F8D9002ED52C /* autoLayoutUITests.xctest */,
			);
			name = Products;
			sourceTree = "<group>";
		};
		56576B791BD7F8D9002ED52C /* autoLayout */ = {
			isa = PBXGroup;
			children = (
				56576B7D1BD7F8D9002ED52C /* AppDelegate.h */,
				56576B7E1BD7F8D9002ED52C /* AppDelegate.m */,
				56576B801BD7F8D9002ED52C /* ViewController.h */,
				56576B811BD7F8D9002ED52C /* ViewController.m */,
				56576B831BD7F8D9002ED52C /* Main.storyboard */,
				56576B861BD7F8D9002ED52C /* Assets.xcassets */,
				56576B881BD7F8D9002ED52C /* LaunchScreen.storyboard */,
				56576B8B1BD7F8D9002ED52C /* Info.plist */,
				56576B7A1BD7F8D9002ED52C /* Supporting Files */,
			);
			path = autoLayout;
			sourceTree = "<group>";
		};
		56576B7A1BD7F8D9002ED52C /* Supporting Files */ = {
			isa = PBXGroup;
			children = (
				56576B7B1BD7F8D9002ED52C /* main.m */,
			);
			name = "Supporting Files";
			sourceTree = "<group>";
		};
		56576B931BD7F8D9002ED52C /* autoLayoutTests */ = {
			isa = PBXGroup;
			children = (
				56576B941BD7F8D9002ED52C /* autoLayoutTests.m */,
				56576B961BD7F8D9002ED52C /* Info.plist */,
			);
			path = autoLayoutTests;
			sourceTree = "<group>";
		};
		56576B9E1BD7F8D9002ED52C /* autoLayoutUITests */ = {
			isa = PBXGroup;
			children = (
				56576B9F1BD7F8D9002ED52C /* autoLayoutUITests.m */,
				56576BA11BD7F8D9002ED52C /* Info.plist */,
			);
			path = autoLayoutUITests;
			sourceTree = "<group>";
		};
/* End PBXGroup section */

/* Begin PBXNativeTarget section */
		56576B761BD7F8D9002ED52C /* autoLayout */ = {
			isa = PBXNativeTarget;
			buildConfigurationList = 56576BA41BD7F8D9002ED52C /* Build configuration list for PBXNativeTarget "autoLayout" */;
			buildPhases = (
				56576B731BD7F8D9002ED52C /* Sources */,
				56576B741BD7F8D9002ED52C /* Frameworks */,
				56576B751BD7F8D9002ED52C /* Resources */,
			);
			buildRules = (
			);
			dependencies = (
			);
			name = autoLayout;
			productName = autoLayout;
			productReference = 56576B771BD7F8D9002ED52C /* autoLayout.app */;
			productType = "com.apple.product-type.application";
		};
		56576B8F1BD7F8D9002ED52C /* autoLayoutTests */ = {
			isa = PBXNativeTarget;
			buildConfigurationList = 56576BA71BD7F8D9002ED52C /* Build configuration list for PBXNativeTarget "autoLayoutTests" */;
			buildPhases = (
				56576B8C1BD7F8D9002ED52C /* Sources */,
				56576B8D1BD7F8D9002ED52C /* Frameworks */,
				56576B8E1BD7F8D9002ED52C /* Resources */,
			);
			buildRules = (
			);
			dependencies = (
				56576B921BD7F8D9002ED52C /* PBXTargetDependency */,
			);
			name = autoLayoutTests;
			productName = autoLayoutTests;
			productReference = 56576B901BD7F8D9002ED52C /* autoLayoutTests.xctest */;
			productType = "com.apple.product-type.bundle.unit-test";
		};
		56576B9A1BD7F8D9002ED52C /* autoLayoutUITests */ = {
			isa = PBXNativeTarget;
			buildConfigurationList = 56576BAA1BD7F8D9002ED52C /* Build configuration list for PBXNativeTarget "autoLayoutUITests" */;
			buildPhases = (
				56576B971BD7F8D9002ED52C /* Sources */,
				56576B981BD7F8D9002ED52C /* Frameworks */,
				56576B991BD7F8D9002ED52C /* Resources */,
			);
			buildRules = (
			);
			dependencies = (
				56576B9D1BD7F8D9002ED52C /* PBXTargetDependency */,
			);
			name = autoLayoutUITests;
			productName = autoLayoutUITests;
			productReference = 56576B9B1BD7F8D9002ED52C /* autoLayoutUITests.xctest */;
			productType = "com.apple.product-type.bundle.ui-testing";
		};
/* End PBXNativeTarget section */

/* Begin PBXProject section */
		56576B6F1BD7F8D9002ED52C /* Project object */ = {
			isa = PBXProject;
			attributes = {
				LastUpgradeCheck = 0700;
				ORGANIZATIONNAME = "Stephen Printup";
				TargetAttributes = {
					56576B761BD7F8D9002ED52C = {
						CreatedOnToolsVersion = 7.0.1;
					};
					56576B8F1BD7F8D9002ED52C = {
						CreatedOnToolsVersion = 7.0.1;
						TestTargetID = 56576B761BD7F8D9002ED52C;
					};
					56576B9A1BD7F8D9002ED52C = {
						CreatedOnToolsVersion = 7.0.1;
						TestTargetID = 56576B761BD7F8D9002ED52C;
					};
				};
			};
			buildConfigurationList = 56576B721BD7F8D9002ED52C /* Build configuration list for PBXProject "autoLayout" */;
			compatibilityVersion = "Xcode 3.2";
			developmentRegion = English;
			hasScannedForEncodings = 0;
			knownRegions = (
				en,
				Base,
			);
			mainGroup = 56576B6E1BD7F8D9002ED52C;
			productRefGroup = 56576B781BD7F8D9002ED52C /* Products */;
			projectDirPath = "";
			projectRoot = "";
			targets = (
				56576B761BD7F8D9002ED52C /* autoLayout */,
				56576B8F1BD7F8D9002ED52C /* autoLayoutTests */,
				56576B9A1BD7F8D9002ED52C /* autoLayoutUITests */,
			);
		};
/* End PBXProject section */

/* Begin PBXResourcesBuildPhase section */
		56576B751BD7F8D9002ED52C /* Resources */ = {
			isa = PBXResourcesBuildPhase;
			buildActionMask = 2147483647;
			files = (
				56576B8A1BD7F8D9002ED52C /* LaunchScreen.storyboard in Resources */,
				56576B871BD7F8D9002ED52C /* Assets.xcassets in Resources */,
				56576B851BD7F8D9002ED52C /* Main.storyboard in Resources */,
			);
			runOnlyForDeploymentPostprocessing = 0;
		};
		56576B8E1BD7F8D9002ED52C /* Resources */ = {
			isa = PBXResourcesBuildPhase;
			buildActionMask = 2147483647;
			files = (
			);
			runOnlyForDeploymentPostprocessing = 0;
		};
		56576B991BD7F8D9002ED52C /* Resources */ = {
			isa = PBXResourcesBuildPhase;
			buildActionMask = 2147483647;
			files = (
			);
			runOnlyForDeploymentPostprocessing = 0;
		};
/* End PBXResourcesBuildPhase section */

/* Begin PBXSourcesBuildPhase section */
		56576B731BD7F8D9002ED52C /* Sources */ = {
			isa = PBXSourcesBuildPhase;
			buildActionMask = 2147483647;
			files = (
				56576B821BD7F8D9002ED52C /* ViewController.m in Sources */,
				56576B7F1BD7F8D9002ED52C /* AppDelegate.m in Sources */,
				56576B7C1BD7F8D9002ED52C /* main.m in Sources */,
			);
			runOnlyForDeploymentPostprocessing = 0;
		};
		56576B8C1BD7F8D9002ED52C /* Sources */ = {
			isa = PBXSourcesBuildPhase;
			buildActionMask = 2147483647;
			files = (
				56576B951BD7F8D9002ED52C /* autoLayoutTests.m in Sources */,
			);
			runOnlyForDeploymentPostprocessing = 0;
		};
		56576B971BD7F8D9002ED52C /* Sources */ = {
			isa = PBXSourcesBuildPhase;
			buildActionMask = 2147483647;
			files = (
				56576BA01BD7F8D9002ED52C /* autoLayoutUITests.m in Sources */,
			);
			runOnlyForDeploymentPostprocessing = 0;
		};
/* End PBXSourcesBuildPhase section */

/* Begin PBXTargetDependency section */
		56576B921BD7F8D9002ED52C /* PBXTargetDependency */ = {
			isa = PBXTargetDependency;
			target = 56576B761BD7F8D9002ED52C /* autoLayout */;
			targetProxy = 56576B911BD7F8D9002ED52C /* PBXContainerItemProxy */;
		};
		56576B9D1BD7F8D9002ED52C /* PBXTargetDependency */ = {
			isa = PBXTargetDependency;
			target = 56576B761BD7F8D9002ED52C /* autoLayout */;
			targetProxy = 56576B9C1BD7F8D9002ED52C /* PBXContainerItemProxy */;
		};
/* End PBXTargetDependency section */

/* Begin PBXVariantGroup section */
		56576B831BD7F8D9002ED52C /* Main.storyboard */ = {
			isa = PBXVariantGroup;
			children = (
				56576B841BD7F8D9002ED52C /* Base */,
			);
			name = Main.storyboard;
			sourceTree = "<group>";
		};
		56576B881BD7F8D9002ED52C /* LaunchScreen.storyboard */ = {
			isa = PBXVariantGroup;
			children = (
				56576B891BD7F8D9002ED52C /* Base */,
			);
			name = LaunchScreen.storyboard;
			sourceTree = "<group>";
		};
/* End PBXVariantGroup section */

/* Begin XCBuildConfiguration section */
		56576BA21BD7F8D9002ED52C /* Debug */ = {
			isa = XCBuildConfiguration;
			buildSettings = {
				ALWAYS_SEARCH_USER_PATHS = NO;
				CLANG_CXX_LANGUAGE_STANDARD = "gnu++0x";
				CLANG_CXX_LIBRARY = "libc++";
				CLANG_ENABLE_MODULES = YES;
				CLANG_ENABLE_OBJC_ARC = YES;
				CLANG_WARN_BOOL_CONVERSION = YES;
				CLANG_WARN_CONSTANT_CONVERSION = YES;
				CLANG_WARN_DIRECT_OBJC_ISA_USAGE = YES_ERROR;
				CLANG_WARN_EMPTY_BODY = YES;
				CLANG_WARN_ENUM_CONVERSION = YES;
				CLANG_WARN_INT_CONVERSION = YES;
				CLANG_WARN_OBJC_ROOT_CLASS = YES_ERROR;
				CLANG_WARN_UNREACHABLE_CODE = YES;
				CLANG_WARN__DUPLICATE_METHOD_MATCH = YES;
				"CODE_SIGN_IDENTITY[sdk=iphoneos*]" = "iPhone Developer";
				COPY_PHASE_STRIP = NO;
				DEBUG_INFORMATION_FORMAT = dwarf;
				ENABLE_STRICT_OBJC_MSGSEND = YES;
				ENABLE_TESTABILITY = YES;
				GCC_C_LANGUAGE_STANDARD = gnu99;
				GCC_DYNAMIC_NO_PIC = NO;
				GCC_NO_COMMON_BLOCKS = YES;
				GCC_OPTIMIZATION_LEVEL = 0;
				GCC_PREPROCESSOR_DEFINITIONS = (
					"DEBUG=1",
					"$(inherited)",
				);
				GCC_WARN_64_TO_32_BIT_CONVERSION = YES;
				GCC_WARN_ABOUT_RETURN_TYPE = YES_ERROR;
				GCC_WARN_UNDECLARED_SELECTOR = YES;
				GCC_WARN_UNINITIALIZED_AUTOS = YES_AGGRESSIVE;
				GCC_WARN_UNUSED_FUNCTION = YES;
				GCC_WARN_UNUSED_VARIABLE = YES;
				IPHONEOS_DEPLOYMENT_TARGET = 9.0;
				MTL_ENABLE_DEBUG_INFO = YES;
				ONLY_ACTIVE_ARCH = YES;
				SDKROOT = iphoneos;
			};
			name = Debug;
		};
		56576BA31BD7F8D9002ED52C /* Release */ = {
			isa = XCBuildConfiguration;
			buildSettings = {
				ALWAYS_SEARCH_USER_PATHS = NO;
				CLANG_CXX_LANGUAGE_STANDARD = "gnu++0x";
				CLANG_CXX_LIBRARY = "libc++";
				CLANG_ENABLE_MODULES = YES;
				CLANG_ENABLE_OBJC_ARC = YES;
				CLANG_WARN_BOOL_CONVERSION = YES;
				CLANG_WARN_CONSTANT_CONVERSION = YES;
				CLANG_WARN_DIRECT_OBJC_ISA_USAGE = YES_ERROR;
				CLANG_WARN_EMPTY_BODY = YES;
				CLANG_WARN_ENUM_CONVERSION = YES;
				CLANG_WARN_INT_CONVERSION = YES;
				CLANG_WARN_OBJC_ROOT_CLASS = YES_ERROR;
				CLANG_WARN_UNREACHABLE_CODE = YES;
				CLANG_WARN__DUPLICATE_METHOD_MATCH = YES;
				"CODE_SIGN_IDENTITY[sdk=iphoneos*]" = "iPhone Developer";
				COPY_PHASE_STRIP = NO;
				DEBUG_INFORMATION_FORMAT = "dwarf-with-dsym";
				ENABLE_NS_ASSERTIONS = NO;
				ENABLE_STRICT_OBJC_MSGSEND = YES;
				GCC_C_LANGUAGE_STANDARD = gnu99;
				GCC_NO_COMMON_BLOCKS = YES;
				GCC_WARN_64_TO_32_BIT_CONVERSION = YES;
				GCC_WARN_ABOUT_RETURN_TYPE = YES_ERROR;
				GCC_WARN_UNDECLARED_SELECTOR = YES;
				GCC_WARN_UNINITIALIZED_AUTOS = YES_AGGRESSIVE;
				GCC_WARN_UNUSED_FUNCTION = YES;
				GCC_WARN_UNUSED_VARIABLE = YES;
				IPHONEOS_DEPLOYMENT_TARGET = 9.0;
				MTL_ENABLE_DEBUG_INFO = NO;
				SDKROOT = iphoneos;
				VALIDATE_PRODUCT = YES;
			};
			name = Release;
		};
		56576BA51BD7F8D9002ED52C /* Debug */ = {
			isa = XCBuildConfiguration;
			buildSettings = {
				ASSETCATALOG_COMPILER_APPICON_NAME = AppIcon;
				INFOPLIST_FILE = autoLayout/Info.plist;
				LD_RUNPATH_SEARCH_PATHS = "$(inherited) @executable_path/Frameworks";
				PRODUCT_BUNDLE_IDENTIFIER = com.stephenprintup.autoLayout;
				PRODUCT_NAME = "$(TARGET_NAME)";
			};
			name = Debug;
		};
		56576BA61BD7F8D9002ED52C /* Release */ = {
			isa = XCBuildConfiguration;
			buildSettings = {
				ASSETCATALOG_COMPILER_APPICON_NAME = AppIcon;
				INFOPLIST_FILE = autoLayout/Info.plist;
				LD_RUNPATH_SEARCH_PATHS = "$(inherited) @executable_path/Frameworks";
				PRODUCT_BUNDLE_IDENTIFIER = com.stephenprintup.autoLayout;
				PRODUCT_NAME = "$(TARGET_NAME)";
			};
			name = Release;
		};
		56576BA81BD7F8D9002ED52C /* Debug */ = {
			isa = XCBuildConfiguration;
			buildSettings = {
				BUNDLE_LOADER = "$(TEST_HOST)";
				INFOPLIST_FILE = autoLayoutTests/Info.plist;
				LD_RUNPATH_SEARCH_PATHS = "$(inherited) @executable_path/Frameworks @loader_path/Frameworks";
				PRODUCT_BUNDLE_IDENTIFIER = com.stephenprintup.autoLayoutTests;
				PRODUCT_NAME = "$(TARGET_NAME)";
				TEST_HOST = "$(BUILT_PRODUCTS_DIR)/autoLayout.app/autoLayout";
			};
			name = Debug;
		};
		56576BA91BD7F8D9002ED52C /* Release */ = {
			isa = XCBuildConfiguration;
			buildSettings = {
				BUNDLE_LOADER = "$(TEST_HOST)";
				INFOPLIST_FILE = autoLayoutTests/Info.plist;
				LD_RUNPATH_SEARCH_PATHS = "$(inherited) @executable_path/Frameworks @loader_path/Frameworks";
				PRODUCT_BUNDLE_IDENTIFIER = com.stephenprintup.autoLayoutTests;
				PRODUCT_NAME = "$(TARGET_NAME)";
				TEST_HOST = "$(BUILT_PRODUCTS_DIR)/autoLayout.app/autoLayout";
			};
			name = Release;
		};
		56576BAB1BD7F8D9002ED52C /* Debug */ = {
			isa = XCBuildConfiguration;
			buildSettings = {
				INFOPLIST_FILE = autoLayoutUITests/Info.plist;
				LD_RUNPATH_SEARCH_PATHS = "$(inherited) @executable_path/Frameworks @loader_path/Frameworks";
				PRODUCT_BUNDLE_IDENTIFIER = com.stephenprintup.autoLayoutUITests;
				PRODUCT_NAME = "$(TARGET_NAME)";
				TEST_TARGET_NAME = autoLayout;
				USES_XCTRUNNER = YES;
			};
			name = Debug;
		};
		56576BAC1BD7F8D9002ED52C /* Release */ = {
			isa = XCBuildConfiguration;
			buildSettings = {
				INFOPLIST_FILE = autoLayoutUITests/Info.plist;
				LD_RUNPATH_SEARCH_PATHS = "$(inherited) @executable_path/Frameworks @loader_path/Frameworks";
				PRODUCT_BUNDLE_IDENTIFIER = com.stephenprintup.autoLayoutUITests;
				PRODUCT_NAME = "$(TARGET_NAME)";
				TEST_TARGET_NAME = autoLayout;
				USES_XCTRUNNER = YES;
			};
			name = Release;
		};
/* End XCBuildConfiguration section */

/* Begin XCConfigurationList section */
		56576B721BD7F8D9002ED52C /* Build configuration list for PBXProject "autoLayout" */ = {
			isa = XCConfigurationList;
			buildConfigurations = (
				56576BA21BD7F8D9002ED52C /* Debug */,
				56576BA31BD7F8D9002ED52C /* Release */,
			);
			defaultConfigurationIsVisible = 0;
			defaultConfigurationName = Release;
		};
		56576BA41BD7F8D9002ED52C /* Build configuration list for PBXNativeTarget "autoLayout" */ = {
			isa = XCConfigurationList;
			buildConfigurations = (
				56576BA51BD7F8D9002ED52C /* Debug */,
				56576BA61BD7F8D9002ED52C /* Release */,
			);
			defaultConfigurationIsVisible = 0;
		};
		56576BA71BD7F8D9002ED52C /* Build configuration list for PBXNativeTarget "autoLayoutTests" */ = {
			isa = XCConfigurationList;
			buildConfigurations = (
				56576BA81BD7F8D9002ED52C /* Debug */,
				56576BA91BD7F8D9002ED52C /* Release */,
			);
			defaultConfigurationIsVisible = 0;
		};
		56576BAA1BD7F8D9002ED52C /* Build configuration list for PBXNativeTarget "autoLayoutUITests" */ = {
			isa = XCConfigurationList;
			buildConfigurations = (
				56576BAB1BD7F8D9002ED52C /* Debug */,
				56576BAC1BD7F8D9002ED52C /* Release */,
			);
			defaultConfigurationIsVisible = 0;
		};
/* End XCConfigurationList section */
	};
	rootObject = 56576B6F1BD7F8D9002ED52C /* Project object */;
}
