// !$*UTF8*$!
{
	archiveVersion = 1;
	classes = {
	};
	objectVersion = 46;
	objects = {

/* Begin PBXBuildFile section */
		5677CEED1BCD681C006C5738 /* main.m in Sources */ = {isa = PBXBuildFile; fileRef = 5677CEEC1BCD681C006C5738 /* main.m */; };
		5677CEF01BCD681C006C5738 /* AppDelegate.m in Sources */ = {isa = PBXBuildFile; fileRef = 5677CEEF1BCD681C006C5738 /* AppDelegate.m */; };
		5677CEF31BCD681C006C5738 /* ViewController.m in Sources */ = {isa = PBXBuildFile; fileRef = 5677CEF21BCD681C006C5738 /* ViewController.m */; };
		5677CEF61BCD681C006C5738 /* Main.storyboard in Resources */ = {isa = PBXBuildFile; fileRef = 5677CEF41BCD681C006C5738 /* Main.storyboard */; };
		5677CEF81BCD681C006C5738 /* Assets.xcassets in Resources */ = {isa = PBXBuildFile; fileRef = 5677CEF71BCD681C006C5738 /* Assets.xcassets */; };
		5677CEFB1BCD681C006C5738 /* LaunchScreen.storyboard in Resources */ = {isa = PBXBuildFile; fileRef = 5677CEF91BCD681C006C5738 /* LaunchScreen.storyboard */; };
		5677CF061BCD681C006C5738 /* TableViewDeletingTests.m in Sources */ = {isa = PBXBuildFile; fileRef = 5677CF051BCD681C006C5738 /* TableViewDeletingTests.m */; };
		5677CF111BCD681C006C5738 /* TableViewDeletingUITests.m in Sources */ = {isa = PBXBuildFile; fileRef = 5677CF101BCD681C006C5738 /* TableViewDeletingUITests.m */; };
/* End PBXBuildFile section */

/* Begin PBXContainerItemProxy section */
		5677CF021BCD681C006C5738 /* PBXContainerItemProxy */ = {
			isa = PBXContainerItemProxy;
			containerPortal = 5677CEE01BCD681C006C5738 /* Project object */;
			proxyType = 1;
			remoteGlobalIDString = 5677CEE71BCD681C006C5738;
			remoteInfo = TableViewDeleting;
		};
		5677CF0D1BCD681C006C5738 /* PBXContainerItemProxy */ = {
			isa = PBXContainerItemProxy;
			containerPortal = 5677CEE01BCD681C006C5738 /* Project object */;
			proxyType = 1;
			remoteGlobalIDString = 5677CEE71BCD681C006C5738;
			remoteInfo = TableViewDeleting;
		};
/* End PBXContainerItemProxy section */

/* Begin PBXFileReference section */
		5677CEE81BCD681C006C5738 /* TableViewDeleting.app */ = {isa = PBXFileReference; explicitFileType = wrapper.application; includeInIndex = 0; path = TableViewDeleting.app; sourceTree = BUILT_PRODUCTS_DIR; };
		5677CEEC1BCD681C006C5738 /* main.m */ = {isa = PBXFileReference; lastKnownFileType = sourcecode.c.objc; path = main.m; sourceTree = "<group>"; };
		5677CEEE1BCD681C006C5738 /* AppDelegate.h */ = {isa = PBXFileReference; lastKnownFileType = sourcecode.c.h; path = AppDelegate.h; sourceTree = "<group>"; };
		5677CEEF1BCD681C006C5738 /* AppDelegate.m */ = {isa = PBXFileReference; lastKnownFileType = sourcecode.c.objc; path = AppDelegate.m; sourceTree = "<group>"; };
		5677CEF11BCD681C006C5738 /* ViewController.h */ = {isa = PBXFileReference; lastKnownFileType = sourcecode.c.h; path = ViewController.h; sourceTree = "<group>"; };
		5677CEF21BCD681C006C5738 /* ViewController.m */ = {isa = PBXFileReference; lastKnownFileType = sourcecode.c.objc; path = ViewController.m; sourceTree = "<group>"; };
		5677CEF51BCD681C006C5738 /* Base */ = {isa = PBXFileReference; lastKnownFileType = file.storyboard; name = Base; path = Base.lproj/Main.storyboard; sourceTree = "<group>"; };
		5677CEF71BCD681C006C5738 /* Assets.xcassets */ = {isa = PBXFileReference; lastKnownFileType = folder.assetcatalog; path = Assets.xcassets; sourceTree = "<group>"; };
		5677CEFA1BCD681C006C5738 /* Base */ = {isa = PBXFileReference; lastKnownFileType = file.storyboard; name = Base; path = Base.lproj/LaunchScreen.storyboard; sourceTree = "<group>"; };
		5677CEFC1BCD681C006C5738 /* Info.plist */ = {isa = PBXFileReference; lastKnownFileType = text.plist.xml; path = Info.plist; sourceTree = "<group>"; };
		5677CF011BCD681C006C5738 /* TableViewDeletingTests.xctest */ = {isa = PBXFileReference; explicitFileType = wrapper.cfbundle; includeInIndex = 0; path = TableViewDeletingTests.xctest; sourceTree = BUILT_PRODUCTS_DIR; };
		5677CF051BCD681C006C5738 /* TableViewDeletingTests.m */ = {isa = PBXFileReference; lastKnownFileType = sourcecode.c.objc; path = TableViewDeletingTests.m; sourceTree = "<group>"; };
		5677CF071BCD681C006C5738 /* Info.plist */ = {isa = PBXFileReference; lastKnownFileType = text.plist.xml; path = Info.plist; sourceTree = "<group>"; };
		5677CF0C1BCD681C006C5738 /* TableViewDeletingUITests.xctest */ = {isa = PBXFileReference; explicitFileType = wrapper.cfbundle; includeInIndex = 0; path = TableViewDeletingUITests.xctest; sourceTree = BUILT_PRODUCTS_DIR; };
		5677CF101BCD681C006C5738 /* TableViewDeletingUITests.m */ = {isa = PBXFileReference; lastKnownFileType = sourcecode.c.objc; path = TableViewDeletingUITests.m; sourceTree = "<group>"; };
		5677CF121BCD681C006C5738 /* Info.plist */ = {isa = PBXFileReference; lastKnownFileType = text.plist.xml; path = Info.plist; sourceTree = "<group>"; };
/* End PBXFileReference section */

/* Begin PBXFrameworksBuildPhase section */
		5677CEE51BCD681C006C5738 /* Frameworks */ = {
			isa = PBXFrameworksBuildPhase;
			buildActionMask = 2147483647;
			files = (
			);
			runOnlyForDeploymentPostprocessing = 0;
		};
		5677CEFE1BCD681C006C5738 /* Frameworks */ = {
			isa = PBXFrameworksBuildPhase;
			buildActionMask = 2147483647;
			files = (
			);
			runOnlyForDeploymentPostprocessing = 0;
		};
		5677CF091BCD681C006C5738 /* Frameworks */ = {
			isa = PBXFrameworksBuildPhase;
			buildActionMask = 2147483647;
			files = (
			);
			runOnlyForDeploymentPostprocessing = 0;
		};
/* End PBXFrameworksBuildPhase section */

/* Begin PBXGroup section */
		5677CEDF1BCD681C006C5738 = {
			isa = PBXGroup;
			children = (
				5677CEEA1BCD681C006C5738 /* TableViewDeleting */,
				5677CF041BCD681C006C5738 /* TableViewDeletingTests */,
				5677CF0F1BCD681C006C5738 /* TableViewDeletingUITests */,
				5677CEE91BCD681C006C5738 /* Products */,
			);
			sourceTree = "<group>";
		};
		5677CEE91BCD681C006C5738 /* Products */ = {
			isa = PBXGroup;
			children = (
				5677CEE81BCD681C006C5738 /* TableViewDeleting.app */,
				5677CF011BCD681C006C5738 /* TableViewDeletingTests.xctest */,
				5677CF0C1BCD681C006C5738 /* TableViewDeletingUITests.xctest */,
			);
			name = Products;
			sourceTree = "<group>";
		};
		5677CEEA1BCD681C006C5738 /* TableViewDeleting */ = {
			isa = PBXGroup;
			children = (
				5677CEEE1BCD681C006C5738 /* AppDelegate.h */,
				5677CEEF1BCD681C006C5738 /* AppDelegate.m */,
				5677CEF11BCD681C006C5738 /* ViewController.h */,
				5677CEF21BCD681C006C5738 /* ViewController.m */,
				5677CEF41BCD681C006C5738 /* Main.storyboard */,
				5677CEF71BCD681C006C5738 /* Assets.xcassets */,
				5677CEF91BCD681C006C5738 /* LaunchScreen.storyboard */,
				5677CEFC1BCD681C006C5738 /* Info.plist */,
				5677CEEB1BCD681C006C5738 /* Supporting Files */,
			);
			path = TableViewDeleting;
			sourceTree = "<group>";
		};
		5677CEEB1BCD681C006C5738 /* Supporting Files */ = {
			isa = PBXGroup;
			children = (
				5677CEEC1BCD681C006C5738 /* main.m */,
			);
			name = "Supporting Files";
			sourceTree = "<group>";
		};
		5677CF041BCD681C006C5738 /* TableViewDeletingTests */ = {
			isa = PBXGroup;
			children = (
				5677CF051BCD681C006C5738 /* TableViewDeletingTests.m */,
				5677CF071BCD681C006C5738 /* Info.plist */,
			);
			path = TableViewDeletingTests;
			sourceTree = "<group>";
		};
		5677CF0F1BCD681C006C5738 /* TableViewDeletingUITests */ = {
			isa = PBXGroup;
			children = (
				5677CF101BCD681C006C5738 /* TableViewDeletingUITests.m */,
				5677CF121BCD681C006C5738 /* Info.plist */,
			);
			path = TableViewDeletingUITests;
			sourceTree = "<group>";
		};
/* End PBXGroup section */

/* Begin PBXNativeTarget section */
		5677CEE71BCD681C006C5738 /* TableViewDeleting */ = {
			isa = PBXNativeTarget;
			buildConfigurationList = 5677CF151BCD681C006C5738 /* Build configuration list for PBXNativeTarget "TableViewDeleting" */;
			buildPhases = (
				5677CEE41BCD681C006C5738 /* Sources */,
				5677CEE51BCD681C006C5738 /* Frameworks */,
				5677CEE61BCD681C006C5738 /* Resources */,
			);
			buildRules = (
			);
			dependencies = (
			);
			name = TableViewDeleting;
			productName = TableViewDeleting;
			productReference = 5677CEE81BCD681C006C5738 /* TableViewDeleting.app */;
			productType = "com.apple.product-type.application";
		};
		5677CF001BCD681C006C5738 /* TableViewDeletingTests */ = {
			isa = PBXNativeTarget;
			buildConfigurationList = 5677CF181BCD681C006C5738 /* Build configuration list for PBXNativeTarget "TableViewDeletingTests" */;
			buildPhases = (
				5677CEFD1BCD681C006C5738 /* Sources */,
				5677CEFE1BCD681C006C5738 /* Frameworks */,
				5677CEFF1BCD681C006C5738 /* Resources */,
			);
			buildRules = (
			);
			dependencies = (
				5677CF031BCD681C006C5738 /* PBXTargetDependency */,
			);
			name = TableViewDeletingTests;
			productName = TableViewDeletingTests;
			productReference = 5677CF011BCD681C006C5738 /* TableViewDeletingTests.xctest */;
			productType = "com.apple.product-type.bundle.unit-test";
		};
		5677CF0B1BCD681C006C5738 /* TableViewDeletingUITests */ = {
			isa = PBXNativeTarget;
			buildConfigurationList = 5677CF1B1BCD681C006C5738 /* Build configuration list for PBXNativeTarget "TableViewDeletingUITests" */;
			buildPhases = (
				5677CF081BCD681C006C5738 /* Sources */,
				5677CF091BCD681C006C5738 /* Frameworks */,
				5677CF0A1BCD681C006C5738 /* Resources */,
			);
			buildRules = (
			);
			dependencies = (
				5677CF0E1BCD681C006C5738 /* PBXTargetDependency */,
			);
			name = TableViewDeletingUITests;
			productName = TableViewDeletingUITests;
			productReference = 5677CF0C1BCD681C006C5738 /* TableViewDeletingUITests.xctest */;
			productType = "com.apple.product-type.bundle.ui-testing";
		};
/* End PBXNativeTarget section */

/* Begin PBXProject section */
		5677CEE01BCD681C006C5738 /* Project object */ = {
			isa = PBXProject;
			attributes = {
				LastUpgradeCheck = 0700;
				ORGANIZATIONNAME = "Stephen Printup";
				TargetAttributes = {
					5677CEE71BCD681C006C5738 = {
						CreatedOnToolsVersion = 7.0.1;
					};
					5677CF001BCD681C006C5738 = {
						CreatedOnToolsVersion = 7.0.1;
						TestTargetID = 5677CEE71BCD681C006C5738;
					};
					5677CF0B1BCD681C006C5738 = {
						CreatedOnToolsVersion = 7.0.1;
						TestTargetID = 5677CEE71BCD681C006C5738;
					};
				};
			};
			buildConfigurationList = 5677CEE31BCD681C006C5738 /* Build configuration list for PBXProject "TableViewDeleting" */;
			compatibilityVersion = "Xcode 3.2";
			developmentRegion = English;
			hasScannedForEncodings = 0;
			knownRegions = (
				en,
				Base,
			);
			mainGroup = 5677CEDF1BCD681C006C5738;
			productRefGroup = 5677CEE91BCD681C006C5738 /* Products */;
			projectDirPath = "";
			projectRoot = "";
			targets = (
				5677CEE71BCD681C006C5738 /* TableViewDeleting */,
				5677CF001BCD681C006C5738 /* TableViewDeletingTests */,
				5677CF0B1BCD681C006C5738 /* TableViewDeletingUITests */,
			);
		};
/* End PBXProject section */

/* Begin PBXResourcesBuildPhase section */
		5677CEE61BCD681C006C5738 /* Resources */ = {
			isa = PBXResourcesBuildPhase;
			buildActionMask = 2147483647;
			files = (
				5677CEFB1BCD681C006C5738 /* LaunchScreen.storyboard in Resources */,
				5677CEF81BCD681C006C5738 /* Assets.xcassets in Resources */,
				5677CEF61BCD681C006C5738 /* Main.storyboard in Resources */,
			);
			runOnlyForDeploymentPostprocessing = 0;
		};
		5677CEFF1BCD681C006C5738 /* Resources */ = {
			isa = PBXResourcesBuildPhase;
			buildActionMask = 2147483647;
			files = (
			);
			runOnlyForDeploymentPostprocessing = 0;
		};
		5677CF0A1BCD681C006C5738 /* Resources */ = {
			isa = PBXResourcesBuildPhase;
			buildActionMask = 2147483647;
			files = (
			);
			runOnlyForDeploymentPostprocessing = 0;
		};
/* End PBXResourcesBuildPhase section */

/* Begin PBXSourcesBuildPhase section */
		5677CEE41BCD681C006C5738 /* Sources */ = {
			isa = PBXSourcesBuildPhase;
			buildActionMask = 2147483647;
			files = (
				5677CEF31BCD681C006C5738 /* ViewController.m in Sources */,
				5677CEF01BCD681C006C5738 /* AppDelegate.m in Sources */,
				5677CEED1BCD681C006C5738 /* main.m in Sources */,
			);
			runOnlyForDeploymentPostprocessing = 0;
		};
		5677CEFD1BCD681C006C5738 /* Sources */ = {
			isa = PBXSourcesBuildPhase;
			buildActionMask = 2147483647;
			files = (
				5677CF061BCD681C006C5738 /* TableViewDeletingTests.m in Sources */,
			);
			runOnlyForDeploymentPostprocessing = 0;
		};
		5677CF081BCD681C006C5738 /* Sources */ = {
			isa = PBXSourcesBuildPhase;
			buildActionMask = 2147483647;
			files = (
				5677CF111BCD681C006C5738 /* TableViewDeletingUITests.m in Sources */,
			);
			runOnlyForDeploymentPostprocessing = 0;
		};
/* End PBXSourcesBuildPhase section */

/* Begin PBXTargetDependency section */
		5677CF031BCD681C006C5738 /* PBXTargetDependency */ = {
			isa = PBXTargetDependency;
			target = 5677CEE71BCD681C006C5738 /* TableViewDeleting */;
			targetProxy = 5677CF021BCD681C006C5738 /* PBXContainerItemProxy */;
		};
		5677CF0E1BCD681C006C5738 /* PBXTargetDependency */ = {
			isa = PBXTargetDependency;
			target = 5677CEE71BCD681C006C5738 /* TableViewDeleting */;
			targetProxy = 5677CF0D1BCD681C006C5738 /* PBXContainerItemProxy */;
		};
/* End PBXTargetDependency section */

/* Begin PBXVariantGroup section */
		5677CEF41BCD681C006C5738 /* Main.storyboard */ = {
			isa = PBXVariantGroup;
			children = (
				5677CEF51BCD681C006C5738 /* Base */,
			);
			name = Main.storyboard;
			sourceTree = "<group>";
		};
		5677CEF91BCD681C006C5738 /* LaunchScreen.storyboard */ = {
			isa = PBXVariantGroup;
			children = (
				5677CEFA1BCD681C006C5738 /* Base */,
			);
			name = LaunchScreen.storyboard;
			sourceTree = "<group>";
		};
/* End PBXVariantGroup section */

/* Begin XCBuildConfiguration section */
		5677CF131BCD681C006C5738 /* Debug */ = {
			isa = XCBuildConfiguration;
			buildSettings = {
				ALWAYS_SEARCH_USER_PATHS = NO;
				CLANG_CXX_LANGUAGE_STANDARD = "gnu++0x";
				CLANG_CXX_LIBRARY = "libc++";
				CLANG_ENABLE_MODULES = YES;
				CLANG_ENABLE_OBJC_ARC = YES;
				CLANG_WARN_BOOL_CONVERSION = YES;
				CLANG_WARN_CONSTANT_CONVERSION = YES;
				CLANG_WARN_DIRECT_OBJC_ISA_USAGE = YES_ERROR;
				CLANG_WARN_EMPTY_BODY = YES;
				CLANG_WARN_ENUM_CONVERSION = YES;
				CLANG_WARN_INT_CONVERSION = YES;
				CLANG_WARN_OBJC_ROOT_CLASS = YES_ERROR;
				CLANG_WARN_UNREACHABLE_CODE = YES;
				CLANG_WARN__DUPLICATE_METHOD_MATCH = YES;
				"CODE_SIGN_IDENTITY[sdk=iphoneos*]" = "iPhone Developer";
				COPY_PHASE_STRIP = NO;
				DEBUG_INFORMATION_FORMAT = dwarf;
				ENABLE_STRICT_OBJC_MSGSEND = YES;
				ENABLE_TESTABILITY = YES;
				GCC_C_LANGUAGE_STANDARD = gnu99;
				GCC_DYNAMIC_NO_PIC = NO;
				GCC_NO_COMMON_BLOCKS = YES;
				GCC_OPTIMIZATION_LEVEL = 0;
				GCC_PREPROCESSOR_DEFINITIONS = (
					"DEBUG=1",
					"$(inherited)",
				);
				GCC_WARN_64_TO_32_BIT_CONVERSION = YES;
				GCC_WARN_ABOUT_RETURN_TYPE = YES_ERROR;
				GCC_WARN_UNDECLARED_SELECTOR = YES;
				GCC_WARN_UNINITIALIZED_AUTOS = YES_AGGRESSIVE;
				GCC_WARN_UNUSED_FUNCTION = YES;
				GCC_WARN_UNUSED_VARIABLE = YES;
				IPHONEOS_DEPLOYMENT_TARGET = 9.0;
				MTL_ENABLE_DEBUG_INFO = YES;
				ONLY_ACTIVE_ARCH = YES;
				SDKROOT = iphoneos;
			};
			name = Debug;
		};
		5677CF141BCD681C006C5738 /* Release */ = {
			isa = XCBuildConfiguration;
			buildSettings = {
				ALWAYS_SEARCH_USER_PATHS = NO;
				CLANG_CXX_LANGUAGE_STANDARD = "gnu++0x";
				CLANG_CXX_LIBRARY = "libc++";
				CLANG_ENABLE_MODULES = YES;
				CLANG_ENABLE_OBJC_ARC = YES;
				CLANG_WARN_BOOL_CONVERSION = YES;
				CLANG_WARN_CONSTANT_CONVERSION = YES;
				CLANG_WARN_DIRECT_OBJC_ISA_USAGE = YES_ERROR;
				CLANG_WARN_EMPTY_BODY = YES;
				CLANG_WARN_ENUM_CONVERSION = YES;
				CLANG_WARN_INT_CONVERSION = YES;
				CLANG_WARN_OBJC_ROOT_CLASS = YES_ERROR;
				CLANG_WARN_UNREACHABLE_CODE = YES;
				CLANG_WARN__DUPLICATE_METHOD_MATCH = YES;
				"CODE_SIGN_IDENTITY[sdk=iphoneos*]" = "iPhone Developer";
				COPY_PHASE_STRIP = NO;
				DEBUG_INFORMATION_FORMAT = "dwarf-with-dsym";
				ENABLE_NS_ASSERTIONS = NO;
				ENABLE_STRICT_OBJC_MSGSEND = YES;
				GCC_C_LANGUAGE_STANDARD = gnu99;
				GCC_NO_COMMON_BLOCKS = YES;
				GCC_WARN_64_TO_32_BIT_CONVERSION = YES;
				GCC_WARN_ABOUT_RETURN_TYPE = YES_ERROR;
				GCC_WARN_UNDECLARED_SELECTOR = YES;
				GCC_WARN_UNINITIALIZED_AUTOS = YES_AGGRESSIVE;
				GCC_WARN_UNUSED_FUNCTION = YES;
				GCC_WARN_UNUSED_VARIABLE = YES;
				IPHONEOS_DEPLOYMENT_TARGET = 9.0;
				MTL_ENABLE_DEBUG_INFO = NO;
				SDKROOT = iphoneos;
				VALIDATE_PRODUCT = YES;
			};
			name = Release;
		};
		5677CF161BCD681C006C5738 /* Debug */ = {
			isa = XCBuildConfiguration;
			buildSettings = {
				ASSETCATALOG_COMPILER_APPICON_NAME = AppIcon;
				INFOPLIST_FILE = TableViewDeleting/Info.plist;
				LD_RUNPATH_SEARCH_PATHS = "$(inherited) @executable_path/Frameworks";
				PRODUCT_BUNDLE_IDENTIFIER = com.stephenprintup.TableViewDeleting;
				PRODUCT_NAME = "$(TARGET_NAME)";
			};
			name = Debug;
		};
		5677CF171BCD681C006C5738 /* Release */ = {
			isa = XCBuildConfiguration;
			buildSettings = {
				ASSETCATALOG_COMPILER_APPICON_NAME = AppIcon;
				INFOPLIST_FILE = TableViewDeleting/Info.plist;
				LD_RUNPATH_SEARCH_PATHS = "$(inherited) @executable_path/Frameworks";
				PRODUCT_BUNDLE_IDENTIFIER = com.stephenprintup.TableViewDeleting;
				PRODUCT_NAME = "$(TARGET_NAME)";
			};
			name = Release;
		};
		5677CF191BCD681C006C5738 /* Debug */ = {
			isa = XCBuildConfiguration;
			buildSettings = {
				BUNDLE_LOADER = "$(TEST_HOST)";
				INFOPLIST_FILE = TableViewDeletingTests/Info.plist;
				LD_RUNPATH_SEARCH_PATHS = "$(inherited) @executable_path/Frameworks @loader_path/Frameworks";
				PRODUCT_BUNDLE_IDENTIFIER = com.stephenprintup.TableViewDeletingTests;
				PRODUCT_NAME = "$(TARGET_NAME)";
				TEST_HOST = "$(BUILT_PRODUCTS_DIR)/TableViewDeleting.app/TableViewDeleting";
			};
			name = Debug;
		};
		5677CF1A1BCD681C006C5738 /* Release */ = {
			isa = XCBuildConfiguration;
			buildSettings = {
				BUNDLE_LOADER = "$(TEST_HOST)";
				INFOPLIST_FILE = TableViewDeletingTests/Info.plist;
				LD_RUNPATH_SEARCH_PATHS = "$(inherited) @executable_path/Frameworks @loader_path/Frameworks";
				PRODUCT_BUNDLE_IDENTIFIER = com.stephenprintup.TableViewDeletingTests;
				PRODUCT_NAME = "$(TARGET_NAME)";
				TEST_HOST = "$(BUILT_PRODUCTS_DIR)/TableViewDeleting.app/TableViewDeleting";
			};
			name = Release;
		};
		5677CF1C1BCD681C006C5738 /* Debug */ = {
			isa = XCBuildConfiguration;
			buildSettings = {
				INFOPLIST_FILE = TableViewDeletingUITests/Info.plist;
				LD_RUNPATH_SEARCH_PATHS = "$(inherited) @executable_path/Frameworks @loader_path/Frameworks";
				PRODUCT_BUNDLE_IDENTIFIER = com.stephenprintup.TableViewDeletingUITests;
				PRODUCT_NAME = "$(TARGET_NAME)";
				TEST_TARGET_NAME = TableViewDeleting;
				USES_XCTRUNNER = YES;
			};
			name = Debug;
		};
		5677CF1D1BCD681C006C5738 /* Release */ = {
			isa = XCBuildConfiguration;
			buildSettings = {
				INFOPLIST_FILE = TableViewDeletingUITests/Info.plist;
				LD_RUNPATH_SEARCH_PATHS = "$(inherited) @executable_path/Frameworks @loader_path/Frameworks";
				PRODUCT_BUNDLE_IDENTIFIER = com.stephenprintup.TableViewDeletingUITests;
				PRODUCT_NAME = "$(TARGET_NAME)";
				TEST_TARGET_NAME = TableViewDeleting;
				USES_XCTRUNNER = YES;
			};
			name = Release;
		};
/* End XCBuildConfiguration section */

/* Begin XCConfigurationList section */
		5677CEE31BCD681C006C5738 /* Build configuration list for PBXProject "TableViewDeleting" */ = {
			isa = XCConfigurationList;
			buildConfigurations = (
				5677CF131BCD681C006C5738 /* Debug */,
				5677CF141BCD681C006C5738 /* Release */,
			);
			defaultConfigurationIsVisible = 0;
			defaultConfigurationName = Release;
		};
		5677CF151BCD681C006C5738 /* Build configuration list for PBXNativeTarget "TableViewDeleting" */ = {
			isa = XCConfigurationList;
			buildConfigurations = (
				5677CF161BCD681C006C5738 /* Debug */,
				5677CF171BCD681C006C5738 /* Release */,
			);
			defaultConfigurationIsVisible = 0;
		};
		5677CF181BCD681C006C5738 /* Build configuration list for PBXNativeTarget "TableViewDeletingTests" */ = {
			isa = XCConfigurationList;
			buildConfigurations = (
				5677CF191BCD681C006C5738 /* Debug */,
				5677CF1A1BCD681C006C5738 /* Release */,
			);
			defaultConfigurationIsVisible = 0;
		};
		5677CF1B1BCD681C006C5738 /* Build configuration list for PBXNativeTarget "TableViewDeletingUITests" */ = {
			isa = XCConfigurationList;
			buildConfigurations = (
				5677CF1C1BCD681C006C5738 /* Debug */,
				5677CF1D1BCD681C006C5738 /* Release */,
			);
			defaultConfigurationIsVisible = 0;
		};
/* End XCConfigurationList section */
	};
	rootObject = 5677CEE01BCD681C006C5738 /* Project object */;
}
