// !$*UTF8*$!
{
	archiveVersion = 1;
	classes = {
	};
	objectVersion = 46;
	objects = {

/* Begin PBXBuildFile section */
		5677CF6B1BCDA375006C5738 /* main.m in Sources */ = {isa = PBXBuildFile; fileRef = 5677CF6A1BCDA375006C5738 /* main.m */; };
		5677CF6E1BCDA375006C5738 /* AppDelegate.m in Sources */ = {isa = PBXBuildFile; fileRef = 5677CF6D1BCDA375006C5738 /* AppDelegate.m */; };
		5677CF711BCDA375006C5738 /* ViewController.m in Sources */ = {isa = PBXBuildFile; fileRef = 5677CF701BCDA375006C5738 /* ViewController.m */; };
		5677CF741BCDA375006C5738 /* Main.storyboard in Resources */ = {isa = PBXBuildFile; fileRef = 5677CF721BCDA375006C5738 /* Main.storyboard */; };
		5677CF761BCDA375006C5738 /* Assets.xcassets in Resources */ = {isa = PBXBuildFile; fileRef = 5677CF751BCDA375006C5738 /* Assets.xcassets */; };
		5677CF791BCDA375006C5738 /* LaunchScreen.storyboard in Resources */ = {isa = PBXBuildFile; fileRef = 5677CF771BCDA375006C5738 /* LaunchScreen.storyboard */; };
		5677CF841BCDA375006C5738 /* foodsTableTests.m in Sources */ = {isa = PBXBuildFile; fileRef = 5677CF831BCDA375006C5738 /* foodsTableTests.m */; };
		5677CF8F1BCDA375006C5738 /* foodsTableUITests.m in Sources */ = {isa = PBXBuildFile; fileRef = 5677CF8E1BCDA375006C5738 /* foodsTableUITests.m */; };
/* End PBXBuildFile section */

/* Begin PBXContainerItemProxy section */
		5677CF801BCDA375006C5738 /* PBXContainerItemProxy */ = {
			isa = PBXContainerItemProxy;
			containerPortal = 5677CF5E1BCDA375006C5738 /* Project object */;
			proxyType = 1;
			remoteGlobalIDString = 5677CF651BCDA375006C5738;
			remoteInfo = foodsTable;
		};
		5677CF8B1BCDA375006C5738 /* PBXContainerItemProxy */ = {
			isa = PBXContainerItemProxy;
			containerPortal = 5677CF5E1BCDA375006C5738 /* Project object */;
			proxyType = 1;
			remoteGlobalIDString = 5677CF651BCDA375006C5738;
			remoteInfo = foodsTable;
		};
/* End PBXContainerItemProxy section */

/* Begin PBXFileReference section */
		5677CF661BCDA375006C5738 /* foodsTable.app */ = {isa = PBXFileReference; explicitFileType = wrapper.application; includeInIndex = 0; path = foodsTable.app; sourceTree = BUILT_PRODUCTS_DIR; };
		5677CF6A1BCDA375006C5738 /* main.m */ = {isa = PBXFileReference; lastKnownFileType = sourcecode.c.objc; path = main.m; sourceTree = "<group>"; };
		5677CF6C1BCDA375006C5738 /* AppDelegate.h */ = {isa = PBXFileReference; lastKnownFileType = sourcecode.c.h; path = AppDelegate.h; sourceTree = "<group>"; };
		5677CF6D1BCDA375006C5738 /* AppDelegate.m */ = {isa = PBXFileReference; lastKnownFileType = sourcecode.c.objc; path = AppDelegate.m; sourceTree = "<group>"; };
		5677CF6F1BCDA375006C5738 /* ViewController.h */ = {isa = PBXFileReference; lastKnownFileType = sourcecode.c.h; path = ViewController.h; sourceTree = "<group>"; };
		5677CF701BCDA375006C5738 /* ViewController.m */ = {isa = PBXFileReference; lastKnownFileType = sourcecode.c.objc; path = ViewController.m; sourceTree = "<group>"; };
		5677CF731BCDA375006C5738 /* Base */ = {isa = PBXFileReference; lastKnownFileType = file.storyboard; name = Base; path = Base.lproj/Main.storyboard; sourceTree = "<group>"; };
		5677CF751BCDA375006C5738 /* Assets.xcassets */ = {isa = PBXFileReference; lastKnownFileType = folder.assetcatalog; path = Assets.xcassets; sourceTree = "<group>"; };
		5677CF781BCDA375006C5738 /* Base */ = {isa = PBXFileReference; lastKnownFileType = file.storyboard; name = Base; path = Base.lproj/LaunchScreen.storyboard; sourceTree = "<group>"; };
		5677CF7A1BCDA375006C5738 /* Info.plist */ = {isa = PBXFileReference; lastKnownFileType = text.plist.xml; path = Info.plist; sourceTree = "<group>"; };
		5677CF7F1BCDA375006C5738 /* foodsTableTests.xctest */ = {isa = PBXFileReference; explicitFileType = wrapper.cfbundle; includeInIndex = 0; path = foodsTableTests.xctest; sourceTree = BUILT_PRODUCTS_DIR; };
		5677CF831BCDA375006C5738 /* foodsTableTests.m */ = {isa = PBXFileReference; lastKnownFileType = sourcecode.c.objc; path = foodsTableTests.m; sourceTree = "<group>"; };
		5677CF851BCDA375006C5738 /* Info.plist */ = {isa = PBXFileReference; lastKnownFileType = text.plist.xml; path = Info.plist; sourceTree = "<group>"; };
		5677CF8A1BCDA375006C5738 /* foodsTableUITests.xctest */ = {isa = PBXFileReference; explicitFileType = wrapper.cfbundle; includeInIndex = 0; path = foodsTableUITests.xctest; sourceTree = BUILT_PRODUCTS_DIR; };
		5677CF8E1BCDA375006C5738 /* foodsTableUITests.m */ = {isa = PBXFileReference; lastKnownFileType = sourcecode.c.objc; path = foodsTableUITests.m; sourceTree = "<group>"; };
		5677CF901BCDA375006C5738 /* Info.plist */ = {isa = PBXFileReference; lastKnownFileType = text.plist.xml; path = Info.plist; sourceTree = "<group>"; };
/* End PBXFileReference section */

/* Begin PBXFrameworksBuildPhase section */
		5677CF631BCDA375006C5738 /* Frameworks */ = {
			isa = PBXFrameworksBuildPhase;
			buildActionMask = 2147483647;
			files = (
			);
			runOnlyForDeploymentPostprocessing = 0;
		};
		5677CF7C1BCDA375006C5738 /* Frameworks */ = {
			isa = PBXFrameworksBuildPhase;
			buildActionMask = 2147483647;
			files = (
			);
			runOnlyForDeploymentPostprocessing = 0;
		};
		5677CF871BCDA375006C5738 /* Frameworks */ = {
			isa = PBXFrameworksBuildPhase;
			buildActionMask = 2147483647;
			files = (
			);
			runOnlyForDeploymentPostprocessing = 0;
		};
/* End PBXFrameworksBuildPhase section */

/* Begin PBXGroup section */
		5677CF5D1BCDA375006C5738 = {
			isa = PBXGroup;
			children = (
				5677CF681BCDA375006C5738 /* foodsTable */,
				5677CF821BCDA375006C5738 /* foodsTableTests */,
				5677CF8D1BCDA375006C5738 /* foodsTableUITests */,
				5677CF671BCDA375006C5738 /* Products */,
			);
			sourceTree = "<group>";
		};
		5677CF671BCDA375006C5738 /* Products */ = {
			isa = PBXGroup;
			children = (
				5677CF661BCDA375006C5738 /* foodsTable.app */,
				5677CF7F1BCDA375006C5738 /* foodsTableTests.xctest */,
				5677CF8A1BCDA375006C5738 /* foodsTableUITests.xctest */,
			);
			name = Products;
			sourceTree = "<group>";
		};
		5677CF681BCDA375006C5738 /* foodsTable */ = {
			isa = PBXGroup;
			children = (
				5677CF6C1BCDA375006C5738 /* AppDelegate.h */,
				5677CF6D1BCDA375006C5738 /* AppDelegate.m */,
				5677CF6F1BCDA375006C5738 /* ViewController.h */,
				5677CF701BCDA375006C5738 /* ViewController.m */,
				5677CF721BCDA375006C5738 /* Main.storyboard */,
				5677CF751BCDA375006C5738 /* Assets.xcassets */,
				5677CF771BCDA375006C5738 /* LaunchScreen.storyboard */,
				5677CF7A1BCDA375006C5738 /* Info.plist */,
				5677CF691BCDA375006C5738 /* Supporting Files */,
			);
			path = foodsTable;
			sourceTree = "<group>";
		};
		5677CF691BCDA375006C5738 /* Supporting Files */ = {
			isa = PBXGroup;
			children = (
				5677CF6A1BCDA375006C5738 /* main.m */,
			);
			name = "Supporting Files";
			sourceTree = "<group>";
		};
		5677CF821BCDA375006C5738 /* foodsTableTests */ = {
			isa = PBXGroup;
			children = (
				5677CF831BCDA375006C5738 /* foodsTableTests.m */,
				5677CF851BCDA375006C5738 /* Info.plist */,
			);
			path = foodsTableTests;
			sourceTree = "<group>";
		};
		5677CF8D1BCDA375006C5738 /* foodsTableUITests */ = {
			isa = PBXGroup;
			children = (
				5677CF8E1BCDA375006C5738 /* foodsTableUITests.m */,
				5677CF901BCDA375006C5738 /* Info.plist */,
			);
			path = foodsTableUITests;
			sourceTree = "<group>";
		};
/* End PBXGroup section */

/* Begin PBXNativeTarget section */
		5677CF651BCDA375006C5738 /* foodsTable */ = {
			isa = PBXNativeTarget;
			buildConfigurationList = 5677CF931BCDA375006C5738 /* Build configuration list for PBXNativeTarget "foodsTable" */;
			buildPhases = (
				5677CF621BCDA375006C5738 /* Sources */,
				5677CF631BCDA375006C5738 /* Frameworks */,
				5677CF641BCDA375006C5738 /* Resources */,
			);
			buildRules = (
			);
			dependencies = (
			);
			name = foodsTable;
			productName = foodsTable;
			productReference = 5677CF661BCDA375006C5738 /* foodsTable.app */;
			productType = "com.apple.product-type.application";
		};
		5677CF7E1BCDA375006C5738 /* foodsTableTests */ = {
			isa = PBXNativeTarget;
			buildConfigurationList = 5677CF961BCDA375006C5738 /* Build configuration list for PBXNativeTarget "foodsTableTests" */;
			buildPhases = (
				5677CF7B1BCDA375006C5738 /* Sources */,
				5677CF7C1BCDA375006C5738 /* Frameworks */,
				5677CF7D1BCDA375006C5738 /* Resources */,
			);
			buildRules = (
			);
			dependencies = (
				5677CF811BCDA375006C5738 /* PBXTargetDependency */,
			);
			name = foodsTableTests;
			productName = foodsTableTests;
			productReference = 5677CF7F1BCDA375006C5738 /* foodsTableTests.xctest */;
			productType = "com.apple.product-type.bundle.unit-test";
		};
		5677CF891BCDA375006C5738 /* foodsTableUITests */ = {
			isa = PBXNativeTarget;
			buildConfigurationList = 5677CF991BCDA375006C5738 /* Build configuration list for PBXNativeTarget "foodsTableUITests" */;
			buildPhases = (
				5677CF861BCDA375006C5738 /* Sources */,
				5677CF871BCDA375006C5738 /* Frameworks */,
				5677CF881BCDA375006C5738 /* Resources */,
			);
			buildRules = (
			);
			dependencies = (
				5677CF8C1BCDA375006C5738 /* PBXTargetDependency */,
			);
			name = foodsTableUITests;
			productName = foodsTableUITests;
			productReference = 5677CF8A1BCDA375006C5738 /* foodsTableUITests.xctest */;
			productType = "com.apple.product-type.bundle.ui-testing";
		};
/* End PBXNativeTarget section */

/* Begin PBXProject section */
		5677CF5E1BCDA375006C5738 /* Project object */ = {
			isa = PBXProject;
			attributes = {
				LastUpgradeCheck = 0700;
				ORGANIZATIONNAME = "Stephen Printup";
				TargetAttributes = {
					5677CF651BCDA375006C5738 = {
						CreatedOnToolsVersion = 7.0.1;
					};
					5677CF7E1BCDA375006C5738 = {
						CreatedOnToolsVersion = 7.0.1;
						TestTargetID = 5677CF651BCDA375006C5738;
					};
					5677CF891BCDA375006C5738 = {
						CreatedOnToolsVersion = 7.0.1;
						TestTargetID = 5677CF651BCDA375006C5738;
					};
				};
			};
			buildConfigurationList = 5677CF611BCDA375006C5738 /* Build configuration list for PBXProject "foodsTable" */;
			compatibilityVersion = "Xcode 3.2";
			developmentRegion = English;
			hasScannedForEncodings = 0;
			knownRegions = (
				en,
				Base,
			);
			mainGroup = 5677CF5D1BCDA375006C5738;
			productRefGroup = 5677CF671BCDA375006C5738 /* Products */;
			projectDirPath = "";
			projectRoot = "";
			targets = (
				5677CF651BCDA375006C5738 /* foodsTable */,
				5677CF7E1BCDA375006C5738 /* foodsTableTests */,
				5677CF891BCDA375006C5738 /* foodsTableUITests */,
			);
		};
/* End PBXProject section */

/* Begin PBXResourcesBuildPhase section */
		5677CF641BCDA375006C5738 /* Resources */ = {
			isa = PBXResourcesBuildPhase;
			buildActionMask = 2147483647;
			files = (
				5677CF791BCDA375006C5738 /* LaunchScreen.storyboard in Resources */,
				5677CF761BCDA375006C5738 /* Assets.xcassets in Resources */,
				5677CF741BCDA375006C5738 /* Main.storyboard in Resources */,
			);
			runOnlyForDeploymentPostprocessing = 0;
		};
		5677CF7D1BCDA375006C5738 /* Resources */ = {
			isa = PBXResourcesBuildPhase;
			buildActionMask = 2147483647;
			files = (
			);
			runOnlyForDeploymentPostprocessing = 0;
		};
		5677CF881BCDA375006C5738 /* Resources */ = {
			isa = PBXResourcesBuildPhase;
			buildActionMask = 2147483647;
			files = (
			);
			runOnlyForDeploymentPostprocessing = 0;
		};
/* End PBXResourcesBuildPhase section */

/* Begin PBXSourcesBuildPhase section */
		5677CF621BCDA375006C5738 /* Sources */ = {
			isa = PBXSourcesBuildPhase;
			buildActionMask = 2147483647;
			files = (
				5677CF711BCDA375006C5738 /* ViewController.m in Sources */,
				5677CF6E1BCDA375006C5738 /* AppDelegate.m in Sources */,
				5677CF6B1BCDA375006C5738 /* main.m in Sources */,
			);
			runOnlyForDeploymentPostprocessing = 0;
		};
		5677CF7B1BCDA375006C5738 /* Sources */ = {
			isa = PBXSourcesBuildPhase;
			buildActionMask = 2147483647;
			files = (
				5677CF841BCDA375006C5738 /* foodsTableTests.m in Sources */,
			);
			runOnlyForDeploymentPostprocessing = 0;
		};
		5677CF861BCDA375006C5738 /* Sources */ = {
			isa = PBXSourcesBuildPhase;
			buildActionMask = 2147483647;
			files = (
				5677CF8F1BCDA375006C5738 /* foodsTableUITests.m in Sources */,
			);
			runOnlyForDeploymentPostprocessing = 0;
		};
/* End PBXSourcesBuildPhase section */

/* Begin PBXTargetDependency section */
		5677CF811BCDA375006C5738 /* PBXTargetDependency */ = {
			isa = PBXTargetDependency;
			target = 5677CF651BCDA375006C5738 /* foodsTable */;
			targetProxy = 5677CF801BCDA375006C5738 /* PBXContainerItemProxy */;
		};
		5677CF8C1BCDA375006C5738 /* PBXTargetDependency */ = {
			isa = PBXTargetDependency;
			target = 5677CF651BCDA375006C5738 /* foodsTable */;
			targetProxy = 5677CF8B1BCDA375006C5738 /* PBXContainerItemProxy */;
		};
/* End PBXTargetDependency section */

/* Begin PBXVariantGroup section */
		5677CF721BCDA375006C5738 /* Main.storyboard */ = {
			isa = PBXVariantGroup;
			children = (
				5677CF731BCDA375006C5738 /* Base */,
			);
			name = Main.storyboard;
			sourceTree = "<group>";
		};
		5677CF771BCDA375006C5738 /* LaunchScreen.storyboard */ = {
			isa = PBXVariantGroup;
			children = (
				5677CF781BCDA375006C5738 /* Base */,
			);
			name = LaunchScreen.storyboard;
			sourceTree = "<group>";
		};
/* End PBXVariantGroup section */

/* Begin XCBuildConfiguration section */
		5677CF911BCDA375006C5738 /* Debug */ = {
			isa = XCBuildConfiguration;
			buildSettings = {
				ALWAYS_SEARCH_USER_PATHS = NO;
				CLANG_CXX_LANGUAGE_STANDARD = "gnu++0x";
				CLANG_CXX_LIBRARY = "libc++";
				CLANG_ENABLE_MODULES = YES;
				CLANG_ENABLE_OBJC_ARC = YES;
				CLANG_WARN_BOOL_CONVERSION = YES;
				CLANG_WARN_CONSTANT_CONVERSION = YES;
				CLANG_WARN_DIRECT_OBJC_ISA_USAGE = YES_ERROR;
				CLANG_WARN_EMPTY_BODY = YES;
				CLANG_WARN_ENUM_CONVERSION = YES;
				CLANG_WARN_INT_CONVERSION = YES;
				CLANG_WARN_OBJC_ROOT_CLASS = YES_ERROR;
				CLANG_WARN_UNREACHABLE_CODE = YES;
				CLANG_WARN__DUPLICATE_METHOD_MATCH = YES;
				"CODE_SIGN_IDENTITY[sdk=iphoneos*]" = "iPhone Developer";
				COPY_PHASE_STRIP = NO;
				DEBUG_INFORMATION_FORMAT = dwarf;
				ENABLE_STRICT_OBJC_MSGSEND = YES;
				ENABLE_TESTABILITY = YES;
				GCC_C_LANGUAGE_STANDARD = gnu99;
				GCC_DYNAMIC_NO_PIC = NO;
				GCC_NO_COMMON_BLOCKS = YES;
				GCC_OPTIMIZATION_LEVEL = 0;
				GCC_PREPROCESSOR_DEFINITIONS = (
					"DEBUG=1",
					"$(inherited)",
				);
				GCC_WARN_64_TO_32_BIT_CONVERSION = YES;
				GCC_WARN_ABOUT_RETURN_TYPE = YES_ERROR;
				GCC_WARN_UNDECLARED_SELECTOR = YES;
				GCC_WARN_UNINITIALIZED_AUTOS = YES_AGGRESSIVE;
				GCC_WARN_UNUSED_FUNCTION = YES;
				GCC_WARN_UNUSED_VARIABLE = YES;
				IPHONEOS_DEPLOYMENT_TARGET = 9.0;
				MTL_ENABLE_DEBUG_INFO = YES;
				ONLY_ACTIVE_ARCH = YES;
				SDKROOT = iphoneos;
			};
			name = Debug;
		};
		5677CF921BCDA375006C5738 /* Release */ = {
			isa = XCBuildConfiguration;
			buildSettings = {
				ALWAYS_SEARCH_USER_PATHS = NO;
				CLANG_CXX_LANGUAGE_STANDARD = "gnu++0x";
				CLANG_CXX_LIBRARY = "libc++";
				CLANG_ENABLE_MODULES = YES;
				CLANG_ENABLE_OBJC_ARC = YES;
				CLANG_WARN_BOOL_CONVERSION = YES;
				CLANG_WARN_CONSTANT_CONVERSION = YES;
				CLANG_WARN_DIRECT_OBJC_ISA_USAGE = YES_ERROR;
				CLANG_WARN_EMPTY_BODY = YES;
				CLANG_WARN_ENUM_CONVERSION = YES;
				CLANG_WARN_INT_CONVERSION = YES;
				CLANG_WARN_OBJC_ROOT_CLASS = YES_ERROR;
				CLANG_WARN_UNREACHABLE_CODE = YES;
				CLANG_WARN__DUPLICATE_METHOD_MATCH = YES;
				"CODE_SIGN_IDENTITY[sdk=iphoneos*]" = "iPhone Developer";
				COPY_PHASE_STRIP = NO;
				DEBUG_INFORMATION_FORMAT = "dwarf-with-dsym";
				ENABLE_NS_ASSERTIONS = NO;
				ENABLE_STRICT_OBJC_MSGSEND = YES;
				GCC_C_LANGUAGE_STANDARD = gnu99;
				GCC_NO_COMMON_BLOCKS = YES;
				GCC_WARN_64_TO_32_BIT_CONVERSION = YES;
				GCC_WARN_ABOUT_RETURN_TYPE = YES_ERROR;
				GCC_WARN_UNDECLARED_SELECTOR = YES;
				GCC_WARN_UNINITIALIZED_AUTOS = YES_AGGRESSIVE;
				GCC_WARN_UNUSED_FUNCTION = YES;
				GCC_WARN_UNUSED_VARIABLE = YES;
				IPHONEOS_DEPLOYMENT_TARGET = 9.0;
				MTL_ENABLE_DEBUG_INFO = NO;
				SDKROOT = iphoneos;
				VALIDATE_PRODUCT = YES;
			};
			name = Release;
		};
		5677CF941BCDA375006C5738 /* Debug */ = {
			isa = XCBuildConfiguration;
			buildSettings = {
				ASSETCATALOG_COMPILER_APPICON_NAME = AppIcon;
				INFOPLIST_FILE = foodsTable/Info.plist;
				LD_RUNPATH_SEARCH_PATHS = "$(inherited) @executable_path/Frameworks";
				PRODUCT_BUNDLE_IDENTIFIER = com.stephenprintup.foodsTable;
				PRODUCT_NAME = "$(TARGET_NAME)";
			};
			name = Debug;
		};
		5677CF951BCDA375006C5738 /* Release */ = {
			isa = XCBuildConfiguration;
			buildSettings = {
				ASSETCATALOG_COMPILER_APPICON_NAME = AppIcon;
				INFOPLIST_FILE = foodsTable/Info.plist;
				LD_RUNPATH_SEARCH_PATHS = "$(inherited) @executable_path/Frameworks";
				PRODUCT_BUNDLE_IDENTIFIER = com.stephenprintup.foodsTable;
				PRODUCT_NAME = "$(TARGET_NAME)";
			};
			name = Release;
		};
		5677CF971BCDA375006C5738 /* Debug */ = {
			isa = XCBuildConfiguration;
			buildSettings = {
				BUNDLE_LOADER = "$(TEST_HOST)";
				INFOPLIST_FILE = foodsTableTests/Info.plist;
				LD_RUNPATH_SEARCH_PATHS = "$(inherited) @executable_path/Frameworks @loader_path/Frameworks";
				PRODUCT_BUNDLE_IDENTIFIER = com.stephenprintup.foodsTableTests;
				PRODUCT_NAME = "$(TARGET_NAME)";
				TEST_HOST = "$(BUILT_PRODUCTS_DIR)/foodsTable.app/foodsTable";
			};
			name = Debug;
		};
		5677CF981BCDA375006C5738 /* Release */ = {
			isa = XCBuildConfiguration;
			buildSettings = {
				BUNDLE_LOADER = "$(TEST_HOST)";
				INFOPLIST_FILE = foodsTableTests/Info.plist;
				LD_RUNPATH_SEARCH_PATHS = "$(inherited) @executable_path/Frameworks @loader_path/Frameworks";
				PRODUCT_BUNDLE_IDENTIFIER = com.stephenprintup.foodsTableTests;
				PRODUCT_NAME = "$(TARGET_NAME)";
				TEST_HOST = "$(BUILT_PRODUCTS_DIR)/foodsTable.app/foodsTable";
			};
			name = Release;
		};
		5677CF9A1BCDA375006C5738 /* Debug */ = {
			isa = XCBuildConfiguration;
			buildSettings = {
				INFOPLIST_FILE = foodsTableUITests/Info.plist;
				LD_RUNPATH_SEARCH_PATHS = "$(inherited) @executable_path/Frameworks @loader_path/Frameworks";
				PRODUCT_BUNDLE_IDENTIFIER = com.stephenprintup.foodsTableUITests;
				PRODUCT_NAME = "$(TARGET_NAME)";
				TEST_TARGET_NAME = foodsTable;
				USES_XCTRUNNER = YES;
			};
			name = Debug;
		};
		5677CF9B1BCDA375006C5738 /* Release */ = {
			isa = XCBuildConfiguration;
			buildSettings = {
				INFOPLIST_FILE = foodsTableUITests/Info.plist;
				LD_RUNPATH_SEARCH_PATHS = "$(inherited) @executable_path/Frameworks @loader_path/Frameworks";
				PRODUCT_BUNDLE_IDENTIFIER = com.stephenprintup.foodsTableUITests;
				PRODUCT_NAME = "$(TARGET_NAME)";
				TEST_TARGET_NAME = foodsTable;
				USES_XCTRUNNER = YES;
			};
			name = Release;
		};
/* End XCBuildConfiguration section */

/* Begin XCConfigurationList section */
		5677CF611BCDA375006C5738 /* Build configuration list for PBXProject "foodsTable" */ = {
			isa = XCConfigurationList;
			buildConfigurations = (
				5677CF911BCDA375006C5738 /* Debug */,
				5677CF921BCDA375006C5738 /* Release */,
			);
			defaultConfigurationIsVisible = 0;
			defaultConfigurationName = Release;
		};
		5677CF931BCDA375006C5738 /* Build configuration list for PBXNativeTarget "foodsTable" */ = {
			isa = XCConfigurationList;
			buildConfigurations = (
				5677CF941BCDA375006C5738 /* Debug */,
				5677CF951BCDA375006C5738 /* Release */,
			);
			defaultConfigurationIsVisible = 0;
		};
		5677CF961BCDA375006C5738 /* Build configuration list for PBXNativeTarget "foodsTableTests" */ = {
			isa = XCConfigurationList;
			buildConfigurations = (
				5677CF971BCDA375006C5738 /* Debug */,
				5677CF981BCDA375006C5738 /* Release */,
			);
			defaultConfigurationIsVisible = 0;
		};
		5677CF991BCDA375006C5738 /* Build configuration list for PBXNativeTarget "foodsTableUITests" */ = {
			isa = XCConfigurationList;
			buildConfigurations = (
				5677CF9A1BCDA375006C5738 /* Debug */,
				5677CF9B1BCDA375006C5738 /* Release */,
			);
			defaultConfigurationIsVisible = 0;
		};
/* End XCConfigurationList section */
	};
	rootObject = 5677CF5E1BCDA375006C5738 /* Project object */;
}
